<?xml version="1.0" encoding="utf-8"?>
<Project ToolsVersion="4.0" xmlns="http://schemas.microsoft.com/developer/msbuild/2003">
  <ItemGroup>
    <Filter Include="Source Files">
      <UniqueIdentifier>{4FC737F1-C7A5-4376-A066-2A32D752A2FF}</UniqueIdentifier>
      <Extensions>cpp;c;cc;cxx;def;odl;idl;hpj;bat;asm;asmx</Extensions>
    </Filter>
    <Filter Include="Header Files">
      <UniqueIdentifier>{93995380-89BD-4b04-88EB-625FBE52EBFB}</UniqueIdentifier>
      <Extensions>h;hh;hpp;hxx;hm;inl;inc;xsd</Extensions>
    </Filter>
    <Filter Include="Misc Files">
      <UniqueIdentifier>{67DA6AB6-F800-4c08-8B7A-83BB121AAD01}</UniqueIdentifier>
      <Extensions>xml;json;txt;rc;ico;cur;bmp;dlg;rc2;rct;bin;rgs;gif;jpg;jpeg;jpe;resx;tiff;tif;png;wav;mfcribbon-ms</Extensions>
    </Filter>
    <Filter Include="src">
      <UniqueIdentifier>{5d6c564a-37c1-49df-96d8-74c34d4f7cfe}</UniqueIdentifier>
    </Filter>
    <Filter Include="src\_micro-api-readonly">
      <UniqueIdentifier>{f0ef24de-653e-488f-ae76-f7471edf9c1b}</UniqueIdentifier>
    </Filter>
    <Filter Include="src\_micro-api-readonly\core">
      <UniqueIdentifier>{a01c8813-2d36-4a10-829f-dd4b9ca27069}</UniqueIdentifier>
    </Filter>
    <Filter Include="src\_micro-api-readonly\core\apps">
      <UniqueIdentifier>{8a3a2d44-f5ce-4339-a606-180c0c14b5e5}</UniqueIdentifier>
    </Filter>
    <Filter Include="src\_micro-api-readonly\core\apps\sntp">
      <UniqueIdentifier>{a25880b9-6d82-4332-bbb7-e57f3ef46291}</UniqueIdentifier>
    </Filter>
    <Filter Include="src\_micro-api-readonly\core\libb64">
      <UniqueIdentifier>{713765fa-2186-4c55-9c38-b4bf9d35c6f5}</UniqueIdentifier>
    </Filter>
    <Filter Include="src\_micro-api-readonly\libraries">
      <UniqueIdentifier>{8c0b444d-3dff-46bd-aee5-d1d48b77f66e}</UniqueIdentifier>
    </Filter>
    <Filter Include="src\_micro-api-readonly\libraries\WiFi">
      <UniqueIdentifier>{78bec08d-b138-443f-b327-c98ba63e16f1}</UniqueIdentifier>
    </Filter>
    <Filter Include="src\_micro-api-readonly\libraries\SPIFFS">
      <UniqueIdentifier>{94765e5d-5f24-45bc-9706-cb6756be1a7b}</UniqueIdentifier>
    </Filter>
    <Filter Include="src\_micro-api-readonly\libraries\FS">
      <UniqueIdentifier>{68909e4b-4cce-4b77-80a9-dbc7f48d0250}</UniqueIdentifier>
    </Filter>
    <Filter Include="src\_micro-api-readonly\libraries\AsyncTCP-master">
      <UniqueIdentifier>{ac67a840-fe16-4771-81dc-cd15fa4924d8}</UniqueIdentifier>
    </Filter>
    <Filter Include="src\_micro-api-readonly\libraries\ESPAsyncTCP-master">
      <UniqueIdentifier>{55f2683c-04d3-4fad-b78a-6c00dde852cb}</UniqueIdentifier>
    </Filter>
    <Filter Include="src\_micro-api-readonly\libraries\ESPAsyncWebServer-master">
      <UniqueIdentifier>{d357a300-404a-4ba8-ba2a-013d647de281}</UniqueIdentifier>
    </Filter>
    <Filter Include="src\_micro-api-readonly\libraries\esp32-http-update-master">
      <UniqueIdentifier>{e38f8646-88ac-4a16-8d08-eeef49d34350}</UniqueIdentifier>
    </Filter>
    <Filter Include="src\_micro-api-readonly\libraries\Time-master">
      <UniqueIdentifier>{f62fcabf-e91e-42a6-b3d0-b1e5c48d0f10}</UniqueIdentifier>
    </Filter>
    <Filter Include="src\_micro-api-readonly\libraries\ArduinoJson">
      <UniqueIdentifier>{50258b37-4f85-4f19-9d1c-bcb31812ccb2}</UniqueIdentifier>
    </Filter>
    <Filter Include="src\_micro-api-readonly\libraries\PubSubClient">
      <UniqueIdentifier>{e8c27934-35d6-41e1-abad-7b06e4e5791c}</UniqueIdentifier>
    </Filter>
    <Filter Include="src\_micro-api-readonly\libraries\SimpleList-master">
      <UniqueIdentifier>{9a137269-15f9-490e-8e8a-dae534efd66a}</UniqueIdentifier>
    </Filter>
    <Filter Include="src\_micro-api-readonly\libraries\Wire">
      <UniqueIdentifier>{b6e599c4-9390-447a-b4b4-289def8c4c78}</UniqueIdentifier>
    </Filter>
    <Filter Include="src\_micro-api-readonly\libraries\ESP8266_and_ESP32_Oled_Driver_for_SSD1306_display">
      <UniqueIdentifier>{64f85735-9018-4c74-8448-fcb6fca23acb}</UniqueIdentifier>
    </Filter>
    <Filter Include="src\_micro-api-readonly\libraries\HTTPClient">
      <UniqueIdentifier>{f3a99647-d7f2-4308-ae56-e57a9ab979be}</UniqueIdentifier>
    </Filter>
    <Filter Include="src\_micro-api-readonly\libraries\WiFiClientSecure">
      <UniqueIdentifier>{05ef7a21-a78d-4434-b13e-f6ff1efd8fee}</UniqueIdentifier>
    </Filter>
    <Filter Include="src\_micro-api-readonly\libraries\Update">
      <UniqueIdentifier>{046e48e4-c568-4729-91e4-099fb8cfb069}</UniqueIdentifier>
    </Filter>
    <Filter Include="src\_micro-api-readonly\libraries\SPI">
      <UniqueIdentifier>{460c54f5-4f0e-48ac-8e9c-33326bd30132}</UniqueIdentifier>
    </Filter>
    <Filter Include="src\_micro-api-readonly\libraries\OneWire">
      <UniqueIdentifier>{41ad0cad-9eaf-4222-a515-f66b4a1c645b}</UniqueIdentifier>
    </Filter>
    <Filter Include="src\_micro-api-readonly\libraries\DallasTemperature">
      <UniqueIdentifier>{d622a875-fa6c-4533-9ac4-886d30d9e547}</UniqueIdentifier>
    </Filter>
  </ItemGroup>
  <ItemGroup>
    <None Include="NewESPWebduino.ino" />
    <None Include="src\arduino folders read me.txt">
      <Filter>Misc Files</Filter>
    </None>
    <None Include="data\config.html" />
    <None Include="data\index.html" />
    <None Include="data\jquery-3.5.0.min.js" />
    <None Include="data\new.html" />
    <None Include="data\onewire.html" />
    <None Include="data\sensor.html" />
    <None Include="data\sensors.html" />
    <None Include="data\style.css" />
    <None Include="data\upload.html" />
    <None Include="data\espduino.js" />
    <None Include="data\sensorview.html" />
    <None Include="..\..\..\..\AppData\Local\arduino15\packages\esp32\hardware\esp32\1.0.4\libraries\WiFi\library.properties">
      <Filter>src\_micro-api-readonly\libraries\WiFi</Filter>
    </None>
    <None Include="..\..\..\..\AppData\Local\arduino15\packages\esp32\hardware\esp32\1.0.4\libraries\SPIFFS\library.properties">
      <Filter>src\_micro-api-readonly\libraries\SPIFFS</Filter>
    </None>
    <None Include="..\..\..\..\AppData\Local\arduino15\packages\esp32\hardware\esp32\1.0.4\libraries\FS\library.properties">
      <Filter>src\_micro-api-readonly\libraries\FS</Filter>
    </None>
    <None Include="E:\OneDrive\Documenti\Arduino\libraries\AsyncTCP-master\library.json">
      <Filter>src\_micro-api-readonly\libraries\AsyncTCP-master</Filter>
    </None>
    <None Include="E:\OneDrive\Documenti\Arduino\libraries\AsyncTCP-master\library.properties">
      <Filter>src\_micro-api-readonly\libraries\AsyncTCP-master</Filter>
    </None>
    <None Include="E:\OneDrive\Documenti\Arduino\libraries\ESPAsyncTCP-master\library.json">
      <Filter>src\_micro-api-readonly\libraries\ESPAsyncTCP-master</Filter>
    </None>
    <None Include="E:\OneDrive\Documenti\Arduino\libraries\ESPAsyncTCP-master\library.properties">
      <Filter>src\_micro-api-readonly\libraries\ESPAsyncTCP-master</Filter>
    </None>
    <None Include="E:\OneDrive\Documenti\Arduino\libraries\ESPAsyncWebServer-master\library.json">
      <Filter>src\_micro-api-readonly\libraries\ESPAsyncWebServer-master</Filter>
    </None>
    <None Include="E:\OneDrive\Documenti\Arduino\libraries\ESPAsyncWebServer-master\library.properties">
      <Filter>src\_micro-api-readonly\libraries\ESPAsyncWebServer-master</Filter>
    </None>
    <None Include="E:\OneDrive\Documenti\Arduino\libraries\ESPAsyncWebServer-master\src\edit.htm">
      <Filter>src\_micro-api-readonly\libraries\ESPAsyncWebServer-master</Filter>
    </None>
    <None Include="E:\OneDrive\Documenti\Arduino\libraries\esp32-http-update-master\library.properties">
      <Filter>src\_micro-api-readonly\libraries\esp32-http-update-master</Filter>
    </None>
    <None Include="E:\OneDrive\Documenti\Arduino\libraries\Time-master\library.json">
      <Filter>src\_micro-api-readonly\libraries\Time-master</Filter>
    </None>
    <None Include="E:\OneDrive\Documenti\Arduino\libraries\Time-master\library.properties">
      <Filter>src\_micro-api-readonly\libraries\Time-master</Filter>
    </None>
    <None Include="E:\OneDrive\Documenti\Arduino\libraries\ArduinoJson\library.json">
      <Filter>src\_micro-api-readonly\libraries\ArduinoJson</Filter>
    </None>
    <None Include="E:\OneDrive\Documenti\Arduino\libraries\ArduinoJson\library.properties">
      <Filter>src\_micro-api-readonly\libraries\ArduinoJson</Filter>
    </None>
    <None Include="E:\OneDrive\Documenti\Arduino\libraries\PubSubClient\library.json">
      <Filter>src\_micro-api-readonly\libraries\PubSubClient</Filter>
    </None>
    <None Include="E:\OneDrive\Documenti\Arduino\libraries\PubSubClient\library.properties">
      <Filter>src\_micro-api-readonly\libraries\PubSubClient</Filter>
    </None>
    <None Include="E:\OneDrive\Documenti\Arduino\libraries\SimpleList-master\library.json">
      <Filter>src\_micro-api-readonly\libraries\SimpleList-master</Filter>
    </None>
    <None Include="E:\OneDrive\Documenti\Arduino\libraries\SimpleList-master\library.properties">
      <Filter>src\_micro-api-readonly\libraries\SimpleList-master</Filter>
    </None>
    <None Include="..\..\..\..\AppData\Local\arduino15\packages\esp32\hardware\esp32\1.0.4\libraries\Wire\library.properties">
      <Filter>src\_micro-api-readonly\libraries\Wire</Filter>
    </None>
    <None Include="E:\OneDrive\Documenti\Arduino\libraries\ESP8266_and_ESP32_Oled_Driver_for_SSD1306_display\library.json">
      <Filter>src\_micro-api-readonly\libraries\ESP8266_and_ESP32_Oled_Driver_for_SSD1306_display</Filter>
    </None>
    <None Include="E:\OneDrive\Documenti\Arduino\libraries\ESP8266_and_ESP32_Oled_Driver_for_SSD1306_display\library.properties">
      <Filter>src\_micro-api-readonly\libraries\ESP8266_and_ESP32_Oled_Driver_for_SSD1306_display</Filter>
    </None>
    <None Include="E:\OneDrive\Documenti\Arduino\libraries\ESP8266_and_ESP32_Oled_Driver_for_SSD1306_display\resources\glyphEditor.html">
      <Filter>src\_micro-api-readonly\libraries\ESP8266_and_ESP32_Oled_Driver_for_SSD1306_display</Filter>
    </None>
    <None Include="..\..\..\..\AppData\Local\arduino15\packages\esp32\hardware\esp32\1.0.4\libraries\HTTPClient\library.properties">
      <Filter>src\_micro-api-readonly\libraries\HTTPClient</Filter>
    </None>
    <None Include="..\..\..\..\AppData\Local\arduino15\packages\esp32\hardware\esp32\1.0.4\libraries\WiFiClientSecure\library.properties">
      <Filter>src\_micro-api-readonly\libraries\WiFiClientSecure</Filter>
    </None>
    <None Include="..\..\..\..\AppData\Local\arduino15\packages\esp32\hardware\esp32\1.0.4\libraries\Update\library.properties">
      <Filter>src\_micro-api-readonly\libraries\Update</Filter>
    </None>
    <None Include="..\..\..\..\AppData\Local\arduino15\packages\esp32\hardware\esp32\1.0.4\libraries\SPI\library.properties">
      <Filter>src\_micro-api-readonly\libraries\SPI</Filter>
    </None>
    <None Include="E:\OneDrive\Documenti\Arduino\libraries\OneWire\library.json">
      <Filter>src\_micro-api-readonly\libraries\OneWire</Filter>
    </None>
    <None Include="E:\OneDrive\Documenti\Arduino\libraries\OneWire\library.properties">
      <Filter>src\_micro-api-readonly\libraries\OneWire</Filter>
    </None>
    <None Include="E:\OneDrive\Documenti\Arduino\libraries\DallasTemperature\library.json">
      <Filter>src\_micro-api-readonly\libraries\DallasTemperature</Filter>
    </None>
    <None Include="E:\OneDrive\Documenti\Arduino\libraries\DallasTemperature\library.properties">
      <Filter>src\_micro-api-readonly\libraries\DallasTemperature</Filter>
    </None>
  </ItemGroup>
  <ItemGroup>
    <ClInclude Include="__vm\.NewESPWebduino.vsarduino.h">
      <Filter>Header Files</Filter>
    </ClInclude>
    <ClInclude Include="KeyLockSensor.h">
      <Filter>Header Files</Filter>
    </ClInclude>
    <ClInclude Include="Logger.h">
      <Filter>Header Files</Filter>
    </ClInclude>
    <ClInclude Include="MQTTClientClass.h">
      <Filter>Header Files</Filter>
    </ClInclude>
    <ClInclude Include="MQTTMessage.h">
      <Filter>Header Files</Filter>
    </ClInclude>
    <ClInclude Include="OnewireSensor.h">
      <Filter>Header Files</Filter>
    </ClInclude>
    <ClInclude Include="Sensor.h">
      <Filter>Header Files</Filter>
    </ClInclude>
    <ClInclude Include="SensorFactory.h">
      <Filter>Header Files</Filter>
    </ClInclude>
    <ClInclude Include="Shield.h">
      <Filter>Header Files</Filter>
    </ClInclude>
    <ClInclude Include="TemperatureSensor.h">
      <Filter>Header Files</Filter>
    </ClInclude>
    <ClInclude Include="ESPDisplay.h">
      <Filter>Header Files</Filter>
    </ClInclude>
    <ClInclude Include="DoorSensor.h">
      <Filter>Header Files</Filter>
    </ClInclude>
    <ClInclude Include="HornSensor.h">
      <Filter>Header Files</Filter>
    </ClInclude>
    <ClInclude Include="..\..\..\..\AppData\Local\arduino15\packages\esp32\hardware\esp32\1.0.4\cores\esp32\Arduino.h">
      <Filter>src\_micro-api-readonly\core</Filter>
    </ClInclude>
    <ClInclude Include="..\..\..\..\AppData\Local\arduino15\packages\esp32\hardware\esp32\1.0.4\cores\esp32\base64.h">
      <Filter>src\_micro-api-readonly\core</Filter>
    </ClInclude>
    <ClInclude Include="..\..\..\..\AppData\Local\arduino15\packages\esp32\hardware\esp32\1.0.4\cores\esp32\binary.h">
      <Filter>src\_micro-api-readonly\core</Filter>
    </ClInclude>
    <ClInclude Include="..\..\..\..\AppData\Local\arduino15\packages\esp32\hardware\esp32\1.0.4\cores\esp32\cbuf.h">
      <Filter>src\_micro-api-readonly\core</Filter>
    </ClInclude>
    <ClInclude Include="..\..\..\..\AppData\Local\arduino15\packages\esp32\hardware\esp32\1.0.4\cores\esp32\Client.h">
      <Filter>src\_micro-api-readonly\core</Filter>
    </ClInclude>
    <ClInclude Include="..\..\..\..\AppData\Local\arduino15\packages\esp32\hardware\esp32\1.0.4\cores\esp32\core_version.h">
      <Filter>src\_micro-api-readonly\core</Filter>
    </ClInclude>
    <ClInclude Include="..\..\..\..\AppData\Local\arduino15\packages\esp32\hardware\esp32\1.0.4\cores\esp32\Esp.h">
      <Filter>src\_micro-api-readonly\core</Filter>
    </ClInclude>
    <ClInclude Include="..\..\..\..\AppData\Local\arduino15\packages\esp32\hardware\esp32\1.0.4\cores\esp32\esp32-hal-adc.h">
      <Filter>src\_micro-api-readonly\core</Filter>
    </ClInclude>
    <ClInclude Include="..\..\..\..\AppData\Local\arduino15\packages\esp32\hardware\esp32\1.0.4\cores\esp32\esp32-hal-bt.h">
      <Filter>src\_micro-api-readonly\core</Filter>
    </ClInclude>
    <ClInclude Include="..\..\..\..\AppData\Local\arduino15\packages\esp32\hardware\esp32\1.0.4\cores\esp32\esp32-hal-cpu.h">
      <Filter>src\_micro-api-readonly\core</Filter>
    </ClInclude>
    <ClInclude Include="..\..\..\..\AppData\Local\arduino15\packages\esp32\hardware\esp32\1.0.4\cores\esp32\esp32-hal-dac.h">
      <Filter>src\_micro-api-readonly\core</Filter>
    </ClInclude>
    <ClInclude Include="..\..\..\..\AppData\Local\arduino15\packages\esp32\hardware\esp32\1.0.4\cores\esp32\esp32-hal-gpio.h">
      <Filter>src\_micro-api-readonly\core</Filter>
    </ClInclude>
    <ClInclude Include="..\..\..\..\AppData\Local\arduino15\packages\esp32\hardware\esp32\1.0.4\cores\esp32\esp32-hal-i2c.h">
      <Filter>src\_micro-api-readonly\core</Filter>
    </ClInclude>
    <ClInclude Include="..\..\..\..\AppData\Local\arduino15\packages\esp32\hardware\esp32\1.0.4\cores\esp32\esp32-hal-ledc.h">
      <Filter>src\_micro-api-readonly\core</Filter>
    </ClInclude>
    <ClInclude Include="..\..\..\..\AppData\Local\arduino15\packages\esp32\hardware\esp32\1.0.4\cores\esp32\esp32-hal-log.h">
      <Filter>src\_micro-api-readonly\core</Filter>
    </ClInclude>
    <ClInclude Include="..\..\..\..\AppData\Local\arduino15\packages\esp32\hardware\esp32\1.0.4\cores\esp32\esp32-hal-matrix.h">
      <Filter>src\_micro-api-readonly\core</Filter>
    </ClInclude>
    <ClInclude Include="..\..\..\..\AppData\Local\arduino15\packages\esp32\hardware\esp32\1.0.4\cores\esp32\esp32-hal-psram.h">
      <Filter>src\_micro-api-readonly\core</Filter>
    </ClInclude>
    <ClInclude Include="..\..\..\..\AppData\Local\arduino15\packages\esp32\hardware\esp32\1.0.4\cores\esp32\esp32-hal-rmt.h">
      <Filter>src\_micro-api-readonly\core</Filter>
    </ClInclude>
    <ClInclude Include="..\..\..\..\AppData\Local\arduino15\packages\esp32\hardware\esp32\1.0.4\cores\esp32\esp32-hal-sigmadelta.h">
      <Filter>src\_micro-api-readonly\core</Filter>
    </ClInclude>
    <ClInclude Include="..\..\..\..\AppData\Local\arduino15\packages\esp32\hardware\esp32\1.0.4\cores\esp32\esp32-hal-spi.h">
      <Filter>src\_micro-api-readonly\core</Filter>
    </ClInclude>
    <ClInclude Include="..\..\..\..\AppData\Local\arduino15\packages\esp32\hardware\esp32\1.0.4\cores\esp32\esp32-hal-timer.h">
      <Filter>src\_micro-api-readonly\core</Filter>
    </ClInclude>
    <ClInclude Include="..\..\..\..\AppData\Local\arduino15\packages\esp32\hardware\esp32\1.0.4\cores\esp32\esp32-hal-touch.h">
      <Filter>src\_micro-api-readonly\core</Filter>
    </ClInclude>
    <ClInclude Include="..\..\..\..\AppData\Local\arduino15\packages\esp32\hardware\esp32\1.0.4\cores\esp32\esp32-hal-uart.h">
      <Filter>src\_micro-api-readonly\core</Filter>
    </ClInclude>
    <ClInclude Include="..\..\..\..\AppData\Local\arduino15\packages\esp32\hardware\esp32\1.0.4\cores\esp32\esp32-hal.h">
      <Filter>src\_micro-api-readonly\core</Filter>
    </ClInclude>
    <ClInclude Include="..\..\..\..\AppData\Local\arduino15\packages\esp32\hardware\esp32\1.0.4\cores\esp32\esp8266-compat.h">
      <Filter>src\_micro-api-readonly\core</Filter>
    </ClInclude>
    <ClInclude Include="..\..\..\..\AppData\Local\arduino15\packages\esp32\hardware\esp32\1.0.4\cores\esp32\FunctionalInterrupt.h">
      <Filter>src\_micro-api-readonly\core</Filter>
    </ClInclude>
    <ClInclude Include="..\..\..\..\AppData\Local\arduino15\packages\esp32\hardware\esp32\1.0.4\cores\esp32\HardwareSerial.h">
      <Filter>src\_micro-api-readonly\core</Filter>
    </ClInclude>
    <ClInclude Include="..\..\..\..\AppData\Local\arduino15\packages\esp32\hardware\esp32\1.0.4\cores\esp32\IPAddress.h">
      <Filter>src\_micro-api-readonly\core</Filter>
    </ClInclude>
    <ClInclude Include="..\..\..\..\AppData\Local\arduino15\packages\esp32\hardware\esp32\1.0.4\cores\esp32\IPv6Address.h">
      <Filter>src\_micro-api-readonly\core</Filter>
    </ClInclude>
    <ClInclude Include="..\..\..\..\AppData\Local\arduino15\packages\esp32\hardware\esp32\1.0.4\cores\esp32\MD5Builder.h">
      <Filter>src\_micro-api-readonly\core</Filter>
    </ClInclude>
    <ClInclude Include="..\..\..\..\AppData\Local\arduino15\packages\esp32\hardware\esp32\1.0.4\cores\esp32\pgmspace.h">
      <Filter>src\_micro-api-readonly\core</Filter>
    </ClInclude>
    <ClInclude Include="..\..\..\..\AppData\Local\arduino15\packages\esp32\hardware\esp32\1.0.4\cores\esp32\Print.h">
      <Filter>src\_micro-api-readonly\core</Filter>
    </ClInclude>
    <ClInclude Include="..\..\..\..\AppData\Local\arduino15\packages\esp32\hardware\esp32\1.0.4\cores\esp32\Printable.h">
      <Filter>src\_micro-api-readonly\core</Filter>
    </ClInclude>
    <ClInclude Include="..\..\..\..\AppData\Local\arduino15\packages\esp32\hardware\esp32\1.0.4\cores\esp32\Server.h">
      <Filter>src\_micro-api-readonly\core</Filter>
    </ClInclude>
    <ClInclude Include="..\..\..\..\AppData\Local\arduino15\packages\esp32\hardware\esp32\1.0.4\cores\esp32\stdlib_noniso.h">
      <Filter>src\_micro-api-readonly\core</Filter>
    </ClInclude>
    <ClInclude Include="..\..\..\..\AppData\Local\arduino15\packages\esp32\hardware\esp32\1.0.4\cores\esp32\Stream.h">
      <Filter>src\_micro-api-readonly\core</Filter>
    </ClInclude>
    <ClInclude Include="..\..\..\..\AppData\Local\arduino15\packages\esp32\hardware\esp32\1.0.4\cores\esp32\StreamString.h">
      <Filter>src\_micro-api-readonly\core</Filter>
    </ClInclude>
    <ClInclude Include="..\..\..\..\AppData\Local\arduino15\packages\esp32\hardware\esp32\1.0.4\cores\esp32\Udp.h">
      <Filter>src\_micro-api-readonly\core</Filter>
    </ClInclude>
    <ClInclude Include="..\..\..\..\AppData\Local\arduino15\packages\esp32\hardware\esp32\1.0.4\cores\esp32\WCharacter.h">
      <Filter>src\_micro-api-readonly\core</Filter>
    </ClInclude>
    <ClInclude Include="..\..\..\..\AppData\Local\arduino15\packages\esp32\hardware\esp32\1.0.4\cores\esp32\wiring_private.h">
      <Filter>src\_micro-api-readonly\core</Filter>
    </ClInclude>
    <ClInclude Include="..\..\..\..\AppData\Local\arduino15\packages\esp32\hardware\esp32\1.0.4\cores\esp32\WString.h">
      <Filter>src\_micro-api-readonly\core</Filter>
    </ClInclude>
    <ClInclude Include="..\..\..\..\AppData\Local\arduino15\packages\esp32\hardware\esp32\1.0.4\cores\esp32\apps\sntp\sntp.h">
      <Filter>src\_micro-api-readonly\core\apps\sntp</Filter>
    </ClInclude>
    <ClInclude Include="..\..\..\..\AppData\Local\arduino15\packages\esp32\hardware\esp32\1.0.4\cores\esp32\libb64\cdecode.h">
      <Filter>src\_micro-api-readonly\core\libb64</Filter>
    </ClInclude>
    <ClInclude Include="..\..\..\..\AppData\Local\arduino15\packages\esp32\hardware\esp32\1.0.4\cores\esp32\libb64\cencode.h">
      <Filter>src\_micro-api-readonly\core\libb64</Filter>
    </ClInclude>
    <ClInclude Include="..\..\..\..\AppData\Local\arduino15\packages\esp32\hardware\esp32\1.0.4\variants\esp32\pins_arduino.h">
      <Filter>src\_micro-api-readonly\core</Filter>
    </ClInclude>
    <ClInclude Include="..\..\..\..\AppData\Local\arduino15\packages\esp32\hardware\esp32\1.0.4\libraries\WiFi\src\ETH.h">
      <Filter>src\_micro-api-readonly\libraries\WiFi</Filter>
    </ClInclude>
    <ClInclude Include="..\..\..\..\AppData\Local\arduino15\packages\esp32\hardware\esp32\1.0.4\libraries\WiFi\src\WiFi.h">
      <Filter>src\_micro-api-readonly\libraries\WiFi</Filter>
    </ClInclude>
    <ClInclude Include="..\..\..\..\AppData\Local\arduino15\packages\esp32\hardware\esp32\1.0.4\libraries\WiFi\src\WiFiAP.h">
      <Filter>src\_micro-api-readonly\libraries\WiFi</Filter>
    </ClInclude>
    <ClInclude Include="..\..\..\..\AppData\Local\arduino15\packages\esp32\hardware\esp32\1.0.4\libraries\WiFi\src\WiFiClient.h">
      <Filter>src\_micro-api-readonly\libraries\WiFi</Filter>
    </ClInclude>
    <ClInclude Include="..\..\..\..\AppData\Local\arduino15\packages\esp32\hardware\esp32\1.0.4\libraries\WiFi\src\WiFiGeneric.h">
      <Filter>src\_micro-api-readonly\libraries\WiFi</Filter>
    </ClInclude>
    <ClInclude Include="..\..\..\..\AppData\Local\arduino15\packages\esp32\hardware\esp32\1.0.4\libraries\WiFi\src\WiFiMulti.h">
      <Filter>src\_micro-api-readonly\libraries\WiFi</Filter>
    </ClInclude>
    <ClInclude Include="..\..\..\..\AppData\Local\arduino15\packages\esp32\hardware\esp32\1.0.4\libraries\WiFi\src\WiFiScan.h">
      <Filter>src\_micro-api-readonly\libraries\WiFi</Filter>
    </ClInclude>
    <ClInclude Include="..\..\..\..\AppData\Local\arduino15\packages\esp32\hardware\esp32\1.0.4\libraries\WiFi\src\WiFiServer.h">
      <Filter>src\_micro-api-readonly\libraries\WiFi</Filter>
    </ClInclude>
    <ClInclude Include="..\..\..\..\AppData\Local\arduino15\packages\esp32\hardware\esp32\1.0.4\libraries\WiFi\src\WiFiSTA.h">
      <Filter>src\_micro-api-readonly\libraries\WiFi</Filter>
    </ClInclude>
    <ClInclude Include="..\..\..\..\AppData\Local\arduino15\packages\esp32\hardware\esp32\1.0.4\libraries\WiFi\src\WiFiType.h">
      <Filter>src\_micro-api-readonly\libraries\WiFi</Filter>
    </ClInclude>
    <ClInclude Include="..\..\..\..\AppData\Local\arduino15\packages\esp32\hardware\esp32\1.0.4\libraries\WiFi\src\WiFiUdp.h">
      <Filter>src\_micro-api-readonly\libraries\WiFi</Filter>
    </ClInclude>
    <ClInclude Include="..\..\..\..\AppData\Local\arduino15\packages\esp32\hardware\esp32\1.0.4\libraries\SPIFFS\src\SPIFFS.h">
      <Filter>src\_micro-api-readonly\libraries\SPIFFS</Filter>
    </ClInclude>
    <ClInclude Include="..\..\..\..\AppData\Local\arduino15\packages\esp32\hardware\esp32\1.0.4\libraries\FS\src\FS.h">
      <Filter>src\_micro-api-readonly\libraries\FS</Filter>
    </ClInclude>
    <ClInclude Include="..\..\..\..\AppData\Local\arduino15\packages\esp32\hardware\esp32\1.0.4\libraries\FS\src\FSImpl.h">
      <Filter>src\_micro-api-readonly\libraries\FS</Filter>
    </ClInclude>
    <ClInclude Include="..\..\..\..\AppData\Local\arduino15\packages\esp32\hardware\esp32\1.0.4\libraries\FS\src\vfs_api.h">
      <Filter>src\_micro-api-readonly\libraries\FS</Filter>
    </ClInclude>
    <ClInclude Include="E:\OneDrive\Documenti\Arduino\libraries\AsyncTCP-master\src\AsyncTCP.h">
      <Filter>src\_micro-api-readonly\libraries\AsyncTCP-master</Filter>
    </ClInclude>
    <ClInclude Include="E:\OneDrive\Documenti\Arduino\libraries\ESPAsyncTCP-master\src\AsyncPrinter.h">
      <Filter>src\_micro-api-readonly\libraries\ESPAsyncTCP-master</Filter>
    </ClInclude>
    <ClInclude Include="E:\OneDrive\Documenti\Arduino\libraries\ESPAsyncTCP-master\src\async_config.h">
      <Filter>src\_micro-api-readonly\libraries\ESPAsyncTCP-master</Filter>
    </ClInclude>
    <ClInclude Include="E:\OneDrive\Documenti\Arduino\libraries\ESPAsyncTCP-master\src\DebugPrintMacros.h">
      <Filter>src\_micro-api-readonly\libraries\ESPAsyncTCP-master</Filter>
    </ClInclude>
    <ClInclude Include="E:\OneDrive\Documenti\Arduino\libraries\ESPAsyncTCP-master\src\ESPAsyncTCP.h">
      <Filter>src\_micro-api-readonly\libraries\ESPAsyncTCP-master</Filter>
    </ClInclude>
    <ClInclude Include="E:\OneDrive\Documenti\Arduino\libraries\ESPAsyncTCP-master\src\ESPAsyncTCPbuffer.h">
      <Filter>src\_micro-api-readonly\libraries\ESPAsyncTCP-master</Filter>
    </ClInclude>
    <ClInclude Include="E:\OneDrive\Documenti\Arduino\libraries\ESPAsyncTCP-master\src\SyncClient.h">
      <Filter>src\_micro-api-readonly\libraries\ESPAsyncTCP-master</Filter>
    </ClInclude>
    <ClInclude Include="E:\OneDrive\Documenti\Arduino\libraries\ESPAsyncTCP-master\src\tcp_axtls.h">
      <Filter>src\_micro-api-readonly\libraries\ESPAsyncTCP-master</Filter>
    </ClInclude>
    <ClInclude Include="E:\OneDrive\Documenti\Arduino\libraries\ESPAsyncWebServer-master\src\AsyncEventSource.h">
      <Filter>src\_micro-api-readonly\libraries\ESPAsyncWebServer-master</Filter>
    </ClInclude>
    <ClInclude Include="E:\OneDrive\Documenti\Arduino\libraries\ESPAsyncWebServer-master\src\AsyncJson.h">
      <Filter>src\_micro-api-readonly\libraries\ESPAsyncWebServer-master</Filter>
    </ClInclude>
    <ClInclude Include="E:\OneDrive\Documenti\Arduino\libraries\ESPAsyncWebServer-master\src\AsyncWebSocket.h">
      <Filter>src\_micro-api-readonly\libraries\ESPAsyncWebServer-master</Filter>
    </ClInclude>
    <ClInclude Include="E:\OneDrive\Documenti\Arduino\libraries\ESPAsyncWebServer-master\src\AsyncWebSynchronization.h">
      <Filter>src\_micro-api-readonly\libraries\ESPAsyncWebServer-master</Filter>
    </ClInclude>
    <ClInclude Include="E:\OneDrive\Documenti\Arduino\libraries\ESPAsyncWebServer-master\src\ESPAsyncWebServer.h">
      <Filter>src\_micro-api-readonly\libraries\ESPAsyncWebServer-master</Filter>
    </ClInclude>
    <ClInclude Include="E:\OneDrive\Documenti\Arduino\libraries\ESPAsyncWebServer-master\src\SPIFFSEditor.h">
      <Filter>src\_micro-api-readonly\libraries\ESPAsyncWebServer-master</Filter>
    </ClInclude>
    <ClInclude Include="E:\OneDrive\Documenti\Arduino\libraries\ESPAsyncWebServer-master\src\StringArray.h">
      <Filter>src\_micro-api-readonly\libraries\ESPAsyncWebServer-master</Filter>
    </ClInclude>
    <ClInclude Include="E:\OneDrive\Documenti\Arduino\libraries\ESPAsyncWebServer-master\src\WebAuthentication.h">
      <Filter>src\_micro-api-readonly\libraries\ESPAsyncWebServer-master</Filter>
    </ClInclude>
    <ClInclude Include="E:\OneDrive\Documenti\Arduino\libraries\ESPAsyncWebServer-master\src\WebHandlerImpl.h">
      <Filter>src\_micro-api-readonly\libraries\ESPAsyncWebServer-master</Filter>
    </ClInclude>
    <ClInclude Include="E:\OneDrive\Documenti\Arduino\libraries\ESPAsyncWebServer-master\src\WebResponseImpl.h">
      <Filter>src\_micro-api-readonly\libraries\ESPAsyncWebServer-master</Filter>
    </ClInclude>
    <ClInclude Include="E:\OneDrive\Documenti\Arduino\libraries\esp32-http-update-master\src\ESP32httpUpdate.h">
      <Filter>src\_micro-api-readonly\libraries\esp32-http-update-master</Filter>
    </ClInclude>
    <ClInclude Include="E:\OneDrive\Documenti\Arduino\libraries\Time-master\Time.h">
      <Filter>src\_micro-api-readonly\libraries\Time-master</Filter>
    </ClInclude>
    <ClInclude Include="E:\OneDrive\Documenti\Arduino\libraries\Time-master\TimeLib.h">
      <Filter>src\_micro-api-readonly\libraries\Time-master</Filter>
    </ClInclude>
    <ClInclude Include="E:\OneDrive\Documenti\Arduino\libraries\ArduinoJson\ArduinoJson.h">
      <Filter>src\_micro-api-readonly\libraries\ArduinoJson</Filter>
    </ClInclude>
    <ClInclude Include="E:\OneDrive\Documenti\Arduino\libraries\ArduinoJson\src\ArduinoJson.h">
      <Filter>src\_micro-api-readonly\libraries\ArduinoJson</Filter>
    </ClInclude>
    <ClInclude Include="E:\OneDrive\Documenti\Arduino\libraries\ArduinoJson\src\ArduinoJson.hpp">
      <Filter>src\_micro-api-readonly\libraries\ArduinoJson</Filter>
    </ClInclude>
    <ClInclude Include="E:\OneDrive\Documenti\Arduino\libraries\ArduinoJson\src\ArduinoJson\compatibility.hpp">
      <Filter>src\_micro-api-readonly\libraries\ArduinoJson</Filter>
    </ClInclude>
    <ClInclude Include="E:\OneDrive\Documenti\Arduino\libraries\ArduinoJson\src\ArduinoJson\Configuration.hpp">
      <Filter>src\_micro-api-readonly\libraries\ArduinoJson</Filter>
    </ClInclude>
    <ClInclude Include="E:\OneDrive\Documenti\Arduino\libraries\ArduinoJson\src\ArduinoJson\DynamicJsonBuffer.hpp">
      <Filter>src\_micro-api-readonly\libraries\ArduinoJson</Filter>
    </ClInclude>
    <ClInclude Include="E:\OneDrive\Documenti\Arduino\libraries\ArduinoJson\src\ArduinoJson\JsonArray.hpp">
      <Filter>src\_micro-api-readonly\libraries\ArduinoJson</Filter>
    </ClInclude>
    <ClInclude Include="E:\OneDrive\Documenti\Arduino\libraries\ArduinoJson\src\ArduinoJson\JsonArrayImpl.hpp">
      <Filter>src\_micro-api-readonly\libraries\ArduinoJson</Filter>
    </ClInclude>
    <ClInclude Include="E:\OneDrive\Documenti\Arduino\libraries\ArduinoJson\src\ArduinoJson\JsonArraySubscript.hpp">
      <Filter>src\_micro-api-readonly\libraries\ArduinoJson</Filter>
    </ClInclude>
    <ClInclude Include="E:\OneDrive\Documenti\Arduino\libraries\ArduinoJson\src\ArduinoJson\JsonBuffer.hpp">
      <Filter>src\_micro-api-readonly\libraries\ArduinoJson</Filter>
    </ClInclude>
    <ClInclude Include="E:\OneDrive\Documenti\Arduino\libraries\ArduinoJson\src\ArduinoJson\JsonBufferBase.hpp">
      <Filter>src\_micro-api-readonly\libraries\ArduinoJson</Filter>
    </ClInclude>
    <ClInclude Include="E:\OneDrive\Documenti\Arduino\libraries\ArduinoJson\src\ArduinoJson\JsonBufferImpl.hpp">
      <Filter>src\_micro-api-readonly\libraries\ArduinoJson</Filter>
    </ClInclude>
    <ClInclude Include="E:\OneDrive\Documenti\Arduino\libraries\ArduinoJson\src\ArduinoJson\JsonObject.hpp">
      <Filter>src\_micro-api-readonly\libraries\ArduinoJson</Filter>
    </ClInclude>
    <ClInclude Include="E:\OneDrive\Documenti\Arduino\libraries\ArduinoJson\src\ArduinoJson\JsonObjectImpl.hpp">
      <Filter>src\_micro-api-readonly\libraries\ArduinoJson</Filter>
    </ClInclude>
    <ClInclude Include="E:\OneDrive\Documenti\Arduino\libraries\ArduinoJson\src\ArduinoJson\JsonObjectSubscript.hpp">
      <Filter>src\_micro-api-readonly\libraries\ArduinoJson</Filter>
    </ClInclude>
    <ClInclude Include="E:\OneDrive\Documenti\Arduino\libraries\ArduinoJson\src\ArduinoJson\JsonPair.hpp">
      <Filter>src\_micro-api-readonly\libraries\ArduinoJson</Filter>
    </ClInclude>
    <ClInclude Include="E:\OneDrive\Documenti\Arduino\libraries\ArduinoJson\src\ArduinoJson\JsonVariant.hpp">
      <Filter>src\_micro-api-readonly\libraries\ArduinoJson</Filter>
    </ClInclude>
    <ClInclude Include="E:\OneDrive\Documenti\Arduino\libraries\ArduinoJson\src\ArduinoJson\JsonVariantBase.hpp">
      <Filter>src\_micro-api-readonly\libraries\ArduinoJson</Filter>
    </ClInclude>
    <ClInclude Include="E:\OneDrive\Documenti\Arduino\libraries\ArduinoJson\src\ArduinoJson\JsonVariantCasts.hpp">
      <Filter>src\_micro-api-readonly\libraries\ArduinoJson</Filter>
    </ClInclude>
    <ClInclude Include="E:\OneDrive\Documenti\Arduino\libraries\ArduinoJson\src\ArduinoJson\JsonVariantComparisons.hpp">
      <Filter>src\_micro-api-readonly\libraries\ArduinoJson</Filter>
    </ClInclude>
    <ClInclude Include="E:\OneDrive\Documenti\Arduino\libraries\ArduinoJson\src\ArduinoJson\JsonVariantImpl.hpp">
      <Filter>src\_micro-api-readonly\libraries\ArduinoJson</Filter>
    </ClInclude>
    <ClInclude Include="E:\OneDrive\Documenti\Arduino\libraries\ArduinoJson\src\ArduinoJson\JsonVariantOr.hpp">
      <Filter>src\_micro-api-readonly\libraries\ArduinoJson</Filter>
    </ClInclude>
    <ClInclude Include="E:\OneDrive\Documenti\Arduino\libraries\ArduinoJson\src\ArduinoJson\JsonVariantSubscripts.hpp">
      <Filter>src\_micro-api-readonly\libraries\ArduinoJson</Filter>
    </ClInclude>
    <ClInclude Include="E:\OneDrive\Documenti\Arduino\libraries\ArduinoJson\src\ArduinoJson\RawJson.hpp">
      <Filter>src\_micro-api-readonly\libraries\ArduinoJson</Filter>
    </ClInclude>
    <ClInclude Include="E:\OneDrive\Documenti\Arduino\libraries\ArduinoJson\src\ArduinoJson\StaticJsonBuffer.hpp">
      <Filter>src\_micro-api-readonly\libraries\ArduinoJson</Filter>
    </ClInclude>
    <ClInclude Include="E:\OneDrive\Documenti\Arduino\libraries\ArduinoJson\src\ArduinoJson\version.hpp">
      <Filter>src\_micro-api-readonly\libraries\ArduinoJson</Filter>
    </ClInclude>
    <ClInclude Include="E:\OneDrive\Documenti\Arduino\libraries\ArduinoJson\src\ArduinoJson\Data\Encoding.hpp">
      <Filter>src\_micro-api-readonly\libraries\ArduinoJson</Filter>
    </ClInclude>
    <ClInclude Include="E:\OneDrive\Documenti\Arduino\libraries\ArduinoJson\src\ArduinoJson\Data\JsonBufferAllocated.hpp">
      <Filter>src\_micro-api-readonly\libraries\ArduinoJson</Filter>
    </ClInclude>
    <ClInclude Include="E:\OneDrive\Documenti\Arduino\libraries\ArduinoJson\src\ArduinoJson\Data\JsonFloat.hpp">
      <Filter>src\_micro-api-readonly\libraries\ArduinoJson</Filter>
    </ClInclude>
    <ClInclude Include="E:\OneDrive\Documenti\Arduino\libraries\ArduinoJson\src\ArduinoJson\Data\JsonInteger.hpp">
      <Filter>src\_micro-api-readonly\libraries\ArduinoJson</Filter>
    </ClInclude>
    <ClInclude Include="E:\OneDrive\Documenti\Arduino\libraries\ArduinoJson\src\ArduinoJson\Data\JsonVariantAs.hpp">
      <Filter>src\_micro-api-readonly\libraries\ArduinoJson</Filter>
    </ClInclude>
    <ClInclude Include="E:\OneDrive\Documenti\Arduino\libraries\ArduinoJson\src\ArduinoJson\Data\JsonVariantContent.hpp">
      <Filter>src\_micro-api-readonly\libraries\ArduinoJson</Filter>
    </ClInclude>
    <ClInclude Include="E:\OneDrive\Documenti\Arduino\libraries\ArduinoJson\src\ArduinoJson\Data\JsonVariantDefault.hpp">
      <Filter>src\_micro-api-readonly\libraries\ArduinoJson</Filter>
    </ClInclude>
    <ClInclude Include="E:\OneDrive\Documenti\Arduino\libraries\ArduinoJson\src\ArduinoJson\Data\JsonVariantType.hpp">
      <Filter>src\_micro-api-readonly\libraries\ArduinoJson</Filter>
    </ClInclude>
    <ClInclude Include="E:\OneDrive\Documenti\Arduino\libraries\ArduinoJson\src\ArduinoJson\Data\List.hpp">
      <Filter>src\_micro-api-readonly\libraries\ArduinoJson</Filter>
    </ClInclude>
    <ClInclude Include="E:\OneDrive\Documenti\Arduino\libraries\ArduinoJson\src\ArduinoJson\Data\ListConstIterator.hpp">
      <Filter>src\_micro-api-readonly\libraries\ArduinoJson</Filter>
    </ClInclude>
    <ClInclude Include="E:\OneDrive\Documenti\Arduino\libraries\ArduinoJson\src\ArduinoJson\Data\ListIterator.hpp">
      <Filter>src\_micro-api-readonly\libraries\ArduinoJson</Filter>
    </ClInclude>
    <ClInclude Include="E:\OneDrive\Documenti\Arduino\libraries\ArduinoJson\src\ArduinoJson\Data\ListNode.hpp">
      <Filter>src\_micro-api-readonly\libraries\ArduinoJson</Filter>
    </ClInclude>
    <ClInclude Include="E:\OneDrive\Documenti\Arduino\libraries\ArduinoJson\src\ArduinoJson\Data\NonCopyable.hpp">
      <Filter>src\_micro-api-readonly\libraries\ArduinoJson</Filter>
    </ClInclude>
    <ClInclude Include="E:\OneDrive\Documenti\Arduino\libraries\ArduinoJson\src\ArduinoJson\Data\ReferenceType.hpp">
      <Filter>src\_micro-api-readonly\libraries\ArduinoJson</Filter>
    </ClInclude>
    <ClInclude Include="E:\OneDrive\Documenti\Arduino\libraries\ArduinoJson\src\ArduinoJson\Data\ValueSaver.hpp">
      <Filter>src\_micro-api-readonly\libraries\ArduinoJson</Filter>
    </ClInclude>
    <ClInclude Include="E:\OneDrive\Documenti\Arduino\libraries\ArduinoJson\src\ArduinoJson\Deserialization\Comments.hpp">
      <Filter>src\_micro-api-readonly\libraries\ArduinoJson</Filter>
    </ClInclude>
    <ClInclude Include="E:\OneDrive\Documenti\Arduino\libraries\ArduinoJson\src\ArduinoJson\Deserialization\JsonParser.hpp">
      <Filter>src\_micro-api-readonly\libraries\ArduinoJson</Filter>
    </ClInclude>
    <ClInclude Include="E:\OneDrive\Documenti\Arduino\libraries\ArduinoJson\src\ArduinoJson\Deserialization\JsonParserImpl.hpp">
      <Filter>src\_micro-api-readonly\libraries\ArduinoJson</Filter>
    </ClInclude>
    <ClInclude Include="E:\OneDrive\Documenti\Arduino\libraries\ArduinoJson\src\ArduinoJson\Deserialization\StringWriter.hpp">
      <Filter>src\_micro-api-readonly\libraries\ArduinoJson</Filter>
    </ClInclude>
    <ClInclude Include="E:\OneDrive\Documenti\Arduino\libraries\ArduinoJson\src\ArduinoJson\Polyfills\alias_cast.hpp">
      <Filter>src\_micro-api-readonly\libraries\ArduinoJson</Filter>
    </ClInclude>
    <ClInclude Include="E:\OneDrive\Documenti\Arduino\libraries\ArduinoJson\src\ArduinoJson\Polyfills\attributes.hpp">
      <Filter>src\_micro-api-readonly\libraries\ArduinoJson</Filter>
    </ClInclude>
    <ClInclude Include="E:\OneDrive\Documenti\Arduino\libraries\ArduinoJson\src\ArduinoJson\Polyfills\ctype.hpp">
      <Filter>src\_micro-api-readonly\libraries\ArduinoJson</Filter>
    </ClInclude>
    <ClInclude Include="E:\OneDrive\Documenti\Arduino\libraries\ArduinoJson\src\ArduinoJson\Polyfills\isFloat.hpp">
      <Filter>src\_micro-api-readonly\libraries\ArduinoJson</Filter>
    </ClInclude>
    <ClInclude Include="E:\OneDrive\Documenti\Arduino\libraries\ArduinoJson\src\ArduinoJson\Polyfills\isInteger.hpp">
      <Filter>src\_micro-api-readonly\libraries\ArduinoJson</Filter>
    </ClInclude>
    <ClInclude Include="E:\OneDrive\Documenti\Arduino\libraries\ArduinoJson\src\ArduinoJson\Polyfills\math.hpp">
      <Filter>src\_micro-api-readonly\libraries\ArduinoJson</Filter>
    </ClInclude>
    <ClInclude Include="E:\OneDrive\Documenti\Arduino\libraries\ArduinoJson\src\ArduinoJson\Polyfills\parseFloat.hpp">
      <Filter>src\_micro-api-readonly\libraries\ArduinoJson</Filter>
    </ClInclude>
    <ClInclude Include="E:\OneDrive\Documenti\Arduino\libraries\ArduinoJson\src\ArduinoJson\Polyfills\parseInteger.hpp">
      <Filter>src\_micro-api-readonly\libraries\ArduinoJson</Filter>
    </ClInclude>
    <ClInclude Include="E:\OneDrive\Documenti\Arduino\libraries\ArduinoJson\src\ArduinoJson\Serialization\DummyPrint.hpp">
      <Filter>src\_micro-api-readonly\libraries\ArduinoJson</Filter>
    </ClInclude>
    <ClInclude Include="E:\OneDrive\Documenti\Arduino\libraries\ArduinoJson\src\ArduinoJson\Serialization\DynamicStringBuilder.hpp">
      <Filter>src\_micro-api-readonly\libraries\ArduinoJson</Filter>
    </ClInclude>
    <ClInclude Include="E:\OneDrive\Documenti\Arduino\libraries\ArduinoJson\src\ArduinoJson\Serialization\FloatParts.hpp">
      <Filter>src\_micro-api-readonly\libraries\ArduinoJson</Filter>
    </ClInclude>
    <ClInclude Include="E:\OneDrive\Documenti\Arduino\libraries\ArduinoJson\src\ArduinoJson\Serialization\IndentedPrint.hpp">
      <Filter>src\_micro-api-readonly\libraries\ArduinoJson</Filter>
    </ClInclude>
    <ClInclude Include="E:\OneDrive\Documenti\Arduino\libraries\ArduinoJson\src\ArduinoJson\Serialization\JsonPrintable.hpp">
      <Filter>src\_micro-api-readonly\libraries\ArduinoJson</Filter>
    </ClInclude>
    <ClInclude Include="E:\OneDrive\Documenti\Arduino\libraries\ArduinoJson\src\ArduinoJson\Serialization\JsonSerializer.hpp">
      <Filter>src\_micro-api-readonly\libraries\ArduinoJson</Filter>
    </ClInclude>
    <ClInclude Include="E:\OneDrive\Documenti\Arduino\libraries\ArduinoJson\src\ArduinoJson\Serialization\JsonSerializerImpl.hpp">
      <Filter>src\_micro-api-readonly\libraries\ArduinoJson</Filter>
    </ClInclude>
    <ClInclude Include="E:\OneDrive\Documenti\Arduino\libraries\ArduinoJson\src\ArduinoJson\Serialization\JsonWriter.hpp">
      <Filter>src\_micro-api-readonly\libraries\ArduinoJson</Filter>
    </ClInclude>
    <ClInclude Include="E:\OneDrive\Documenti\Arduino\libraries\ArduinoJson\src\ArduinoJson\Serialization\Prettyfier.hpp">
      <Filter>src\_micro-api-readonly\libraries\ArduinoJson</Filter>
    </ClInclude>
    <ClInclude Include="E:\OneDrive\Documenti\Arduino\libraries\ArduinoJson\src\ArduinoJson\Serialization\StaticStringBuilder.hpp">
      <Filter>src\_micro-api-readonly\libraries\ArduinoJson</Filter>
    </ClInclude>
    <ClInclude Include="E:\OneDrive\Documenti\Arduino\libraries\ArduinoJson\src\ArduinoJson\Serialization\StreamPrintAdapter.hpp">
      <Filter>src\_micro-api-readonly\libraries\ArduinoJson</Filter>
    </ClInclude>
    <ClInclude Include="E:\OneDrive\Documenti\Arduino\libraries\ArduinoJson\src\ArduinoJson\StringTraits\ArduinoStream.hpp">
      <Filter>src\_micro-api-readonly\libraries\ArduinoJson</Filter>
    </ClInclude>
    <ClInclude Include="E:\OneDrive\Documenti\Arduino\libraries\ArduinoJson\src\ArduinoJson\StringTraits\CharPointer.hpp">
      <Filter>src\_micro-api-readonly\libraries\ArduinoJson</Filter>
    </ClInclude>
    <ClInclude Include="E:\OneDrive\Documenti\Arduino\libraries\ArduinoJson\src\ArduinoJson\StringTraits\FlashString.hpp">
      <Filter>src\_micro-api-readonly\libraries\ArduinoJson</Filter>
    </ClInclude>
    <ClInclude Include="E:\OneDrive\Documenti\Arduino\libraries\ArduinoJson\src\ArduinoJson\StringTraits\StdStream.hpp">
      <Filter>src\_micro-api-readonly\libraries\ArduinoJson</Filter>
    </ClInclude>
    <ClInclude Include="E:\OneDrive\Documenti\Arduino\libraries\ArduinoJson\src\ArduinoJson\StringTraits\StdString.hpp">
      <Filter>src\_micro-api-readonly\libraries\ArduinoJson</Filter>
    </ClInclude>
    <ClInclude Include="E:\OneDrive\Documenti\Arduino\libraries\ArduinoJson\src\ArduinoJson\StringTraits\StringTraits.hpp">
      <Filter>src\_micro-api-readonly\libraries\ArduinoJson</Filter>
    </ClInclude>
    <ClInclude Include="E:\OneDrive\Documenti\Arduino\libraries\ArduinoJson\src\ArduinoJson\TypeTraits\EnableIf.hpp">
      <Filter>src\_micro-api-readonly\libraries\ArduinoJson</Filter>
    </ClInclude>
    <ClInclude Include="E:\OneDrive\Documenti\Arduino\libraries\ArduinoJson\src\ArduinoJson\TypeTraits\FloatTraits.hpp">
      <Filter>src\_micro-api-readonly\libraries\ArduinoJson</Filter>
    </ClInclude>
    <ClInclude Include="E:\OneDrive\Documenti\Arduino\libraries\ArduinoJson\src\ArduinoJson\TypeTraits\IsArray.hpp">
      <Filter>src\_micro-api-readonly\libraries\ArduinoJson</Filter>
    </ClInclude>
    <ClInclude Include="E:\OneDrive\Documenti\Arduino\libraries\ArduinoJson\src\ArduinoJson\TypeTraits\IsBaseOf.hpp">
      <Filter>src\_micro-api-readonly\libraries\ArduinoJson</Filter>
    </ClInclude>
    <ClInclude Include="E:\OneDrive\Documenti\Arduino\libraries\ArduinoJson\src\ArduinoJson\TypeTraits\IsChar.hpp">
      <Filter>src\_micro-api-readonly\libraries\ArduinoJson</Filter>
    </ClInclude>
    <ClInclude Include="E:\OneDrive\Documenti\Arduino\libraries\ArduinoJson\src\ArduinoJson\TypeTraits\IsConst.hpp">
      <Filter>src\_micro-api-readonly\libraries\ArduinoJson</Filter>
    </ClInclude>
    <ClInclude Include="E:\OneDrive\Documenti\Arduino\libraries\ArduinoJson\src\ArduinoJson\TypeTraits\IsFloatingPoint.hpp">
      <Filter>src\_micro-api-readonly\libraries\ArduinoJson</Filter>
    </ClInclude>
    <ClInclude Include="E:\OneDrive\Documenti\Arduino\libraries\ArduinoJson\src\ArduinoJson\TypeTraits\IsIntegral.hpp">
      <Filter>src\_micro-api-readonly\libraries\ArduinoJson</Filter>
    </ClInclude>
    <ClInclude Include="E:\OneDrive\Documenti\Arduino\libraries\ArduinoJson\src\ArduinoJson\TypeTraits\IsSame.hpp">
      <Filter>src\_micro-api-readonly\libraries\ArduinoJson</Filter>
    </ClInclude>
    <ClInclude Include="E:\OneDrive\Documenti\Arduino\libraries\ArduinoJson\src\ArduinoJson\TypeTraits\IsSignedIntegral.hpp">
      <Filter>src\_micro-api-readonly\libraries\ArduinoJson</Filter>
    </ClInclude>
    <ClInclude Include="E:\OneDrive\Documenti\Arduino\libraries\ArduinoJson\src\ArduinoJson\TypeTraits\IsUnsignedIntegral.hpp">
      <Filter>src\_micro-api-readonly\libraries\ArduinoJson</Filter>
    </ClInclude>
    <ClInclude Include="E:\OneDrive\Documenti\Arduino\libraries\ArduinoJson\src\ArduinoJson\TypeTraits\IsVariant.hpp">
      <Filter>src\_micro-api-readonly\libraries\ArduinoJson</Filter>
    </ClInclude>
    <ClInclude Include="E:\OneDrive\Documenti\Arduino\libraries\ArduinoJson\src\ArduinoJson\TypeTraits\RemoveConst.hpp">
      <Filter>src\_micro-api-readonly\libraries\ArduinoJson</Filter>
    </ClInclude>
    <ClInclude Include="E:\OneDrive\Documenti\Arduino\libraries\ArduinoJson\src\ArduinoJson\TypeTraits\RemoveReference.hpp">
      <Filter>src\_micro-api-readonly\libraries\ArduinoJson</Filter>
    </ClInclude>
    <ClInclude Include="E:\OneDrive\Documenti\Arduino\libraries\ArduinoJson\third-party\catch\catch.hpp">
      <Filter>src\_micro-api-readonly\libraries\ArduinoJson</Filter>
    </ClInclude>
    <ClInclude Include="E:\OneDrive\Documenti\Arduino\libraries\PubSubClient\src\PubSubClient.h">
      <Filter>src\_micro-api-readonly\libraries\PubSubClient</Filter>
    </ClInclude>
    <ClInclude Include="E:\OneDrive\Documenti\Arduino\libraries\PubSubClient\tests\src\lib\Arduino.h">
      <Filter>src\_micro-api-readonly\libraries\PubSubClient</Filter>
    </ClInclude>
    <ClInclude Include="E:\OneDrive\Documenti\Arduino\libraries\PubSubClient\tests\src\lib\BDDTest.h">
      <Filter>src\_micro-api-readonly\libraries\PubSubClient</Filter>
    </ClInclude>
    <ClInclude Include="E:\OneDrive\Documenti\Arduino\libraries\PubSubClient\tests\src\lib\Buffer.h">
      <Filter>src\_micro-api-readonly\libraries\PubSubClient</Filter>
    </ClInclude>
    <ClInclude Include="E:\OneDrive\Documenti\Arduino\libraries\PubSubClient\tests\src\lib\Client.h">
      <Filter>src\_micro-api-readonly\libraries\PubSubClient</Filter>
    </ClInclude>
    <ClInclude Include="E:\OneDrive\Documenti\Arduino\libraries\PubSubClient\tests\src\lib\IPAddress.h">
      <Filter>src\_micro-api-readonly\libraries\PubSubClient</Filter>
    </ClInclude>
    <ClInclude Include="E:\OneDrive\Documenti\Arduino\libraries\PubSubClient\tests\src\lib\ShimClient.h">
      <Filter>src\_micro-api-readonly\libraries\PubSubClient</Filter>
    </ClInclude>
    <ClInclude Include="E:\OneDrive\Documenti\Arduino\libraries\PubSubClient\tests\src\lib\Stream.h">
      <Filter>src\_micro-api-readonly\libraries\PubSubClient</Filter>
    </ClInclude>
    <ClInclude Include="E:\OneDrive\Documenti\Arduino\libraries\PubSubClient\tests\src\lib\trace.h">
      <Filter>src\_micro-api-readonly\libraries\PubSubClient</Filter>
    </ClInclude>
    <ClInclude Include="E:\OneDrive\Documenti\Arduino\libraries\SimpleList-master\src\SimpleList.h">
      <Filter>src\_micro-api-readonly\libraries\SimpleList-master</Filter>
    </ClInclude>
    <ClInclude Include="..\..\..\..\AppData\Local\arduino15\packages\esp32\hardware\esp32\1.0.4\libraries\Wire\src\Wire.h">
      <Filter>src\_micro-api-readonly\libraries\Wire</Filter>
    </ClInclude>
    <ClInclude Include="E:\OneDrive\Documenti\Arduino\libraries\ESP8266_and_ESP32_Oled_Driver_for_SSD1306_display\src\OLEDDisplay.h">
      <Filter>src\_micro-api-readonly\libraries\ESP8266_and_ESP32_Oled_Driver_for_SSD1306_display</Filter>
    </ClInclude>
    <ClInclude Include="E:\OneDrive\Documenti\Arduino\libraries\ESP8266_and_ESP32_Oled_Driver_for_SSD1306_display\src\OLEDDisplayFonts.h">
      <Filter>src\_micro-api-readonly\libraries\ESP8266_and_ESP32_Oled_Driver_for_SSD1306_display</Filter>
    </ClInclude>
    <ClInclude Include="E:\OneDrive\Documenti\Arduino\libraries\ESP8266_and_ESP32_Oled_Driver_for_SSD1306_display\src\OLEDDisplayUi.h">
      <Filter>src\_micro-api-readonly\libraries\ESP8266_and_ESP32_Oled_Driver_for_SSD1306_display</Filter>
    </ClInclude>
    <ClInclude Include="E:\OneDrive\Documenti\Arduino\libraries\ESP8266_and_ESP32_Oled_Driver_for_SSD1306_display\src\SH1106.h">
      <Filter>src\_micro-api-readonly\libraries\ESP8266_and_ESP32_Oled_Driver_for_SSD1306_display</Filter>
    </ClInclude>
    <ClInclude Include="E:\OneDrive\Documenti\Arduino\libraries\ESP8266_and_ESP32_Oled_Driver_for_SSD1306_display\src\SH1106Brzo.h">
      <Filter>src\_micro-api-readonly\libraries\ESP8266_and_ESP32_Oled_Driver_for_SSD1306_display</Filter>
    </ClInclude>
    <ClInclude Include="E:\OneDrive\Documenti\Arduino\libraries\ESP8266_and_ESP32_Oled_Driver_for_SSD1306_display\src\SH1106Spi.h">
      <Filter>src\_micro-api-readonly\libraries\ESP8266_and_ESP32_Oled_Driver_for_SSD1306_display</Filter>
    </ClInclude>
    <ClInclude Include="E:\OneDrive\Documenti\Arduino\libraries\ESP8266_and_ESP32_Oled_Driver_for_SSD1306_display\src\SH1106Wire.h">
      <Filter>src\_micro-api-readonly\libraries\ESP8266_and_ESP32_Oled_Driver_for_SSD1306_display</Filter>
    </ClInclude>
    <ClInclude Include="E:\OneDrive\Documenti\Arduino\libraries\ESP8266_and_ESP32_Oled_Driver_for_SSD1306_display\src\SSD1306.h">
      <Filter>src\_micro-api-readonly\libraries\ESP8266_and_ESP32_Oled_Driver_for_SSD1306_display</Filter>
    </ClInclude>
    <ClInclude Include="E:\OneDrive\Documenti\Arduino\libraries\ESP8266_and_ESP32_Oled_Driver_for_SSD1306_display\src\SSD1306Brzo.h">
      <Filter>src\_micro-api-readonly\libraries\ESP8266_and_ESP32_Oled_Driver_for_SSD1306_display</Filter>
    </ClInclude>
    <ClInclude Include="E:\OneDrive\Documenti\Arduino\libraries\ESP8266_and_ESP32_Oled_Driver_for_SSD1306_display\src\SSD1306Spi.h">
      <Filter>src\_micro-api-readonly\libraries\ESP8266_and_ESP32_Oled_Driver_for_SSD1306_display</Filter>
    </ClInclude>
    <ClInclude Include="E:\OneDrive\Documenti\Arduino\libraries\ESP8266_and_ESP32_Oled_Driver_for_SSD1306_display\src\SSD1306Wire.h">
      <Filter>src\_micro-api-readonly\libraries\ESP8266_and_ESP32_Oled_Driver_for_SSD1306_display</Filter>
    </ClInclude>
    <ClInclude Include="..\..\..\..\AppData\Local\arduino15\packages\esp32\hardware\esp32\1.0.4\libraries\HTTPClient\src\HTTPClient.h">
      <Filter>src\_micro-api-readonly\libraries\HTTPClient</Filter>
    </ClInclude>
    <ClInclude Include="..\..\..\..\AppData\Local\arduino15\packages\esp32\hardware\esp32\1.0.4\libraries\WiFiClientSecure\src\ssl_client.h">
      <Filter>src\_micro-api-readonly\libraries\WiFiClientSecure</Filter>
    </ClInclude>
    <ClInclude Include="..\..\..\..\AppData\Local\arduino15\packages\esp32\hardware\esp32\1.0.4\libraries\WiFiClientSecure\src\WiFiClientSecure.h">
      <Filter>src\_micro-api-readonly\libraries\WiFiClientSecure</Filter>
    </ClInclude>
    <ClInclude Include="..\..\..\..\AppData\Local\arduino15\packages\esp32\hardware\esp32\1.0.4\libraries\Update\src\Update.h">
      <Filter>src\_micro-api-readonly\libraries\Update</Filter>
    </ClInclude>
    <ClInclude Include="..\..\..\..\AppData\Local\arduino15\packages\esp32\hardware\esp32\1.0.4\libraries\SPI\src\SPI.h">
      <Filter>src\_micro-api-readonly\libraries\SPI</Filter>
    </ClInclude>
    <ClInclude Include="E:\OneDrive\Documenti\Arduino\libraries\OneWire\OneWire.h">
      <Filter>src\_micro-api-readonly\libraries\OneWire</Filter>
    </ClInclude>
    <ClInclude Include="E:\OneDrive\Documenti\Arduino\libraries\DallasTemperature\DallasTemperature.h">
      <Filter>src\_micro-api-readonly\libraries\DallasTemperature</Filter>
    </ClInclude>
  </ItemGroup>
  <ItemGroup>
    <ClCompile Include="KeyLockSensor.cpp">
      <Filter>Source Files</Filter>
    </ClCompile>
    <ClCompile Include="Logger.cpp">
      <Filter>Source Files</Filter>
    </ClCompile>
    <ClCompile Include="MQTTClientClass.cpp">
      <Filter>Source Files</Filter>
    </ClCompile>
    <ClCompile Include="MQTTMessage.cpp">
      <Filter>Source Files</Filter>
    </ClCompile>
    <ClCompile Include="OnewireSensor.cpp">
      <Filter>Source Files</Filter>
    </ClCompile>
    <ClCompile Include="Sensor.cpp">
      <Filter>Source Files</Filter>
    </ClCompile>
    <ClCompile Include="SensorFactory.cpp">
      <Filter>Source Files</Filter>
    </ClCompile>
    <ClCompile Include="Shield.cpp">
      <Filter>Source Files</Filter>
    </ClCompile>
    <ClCompile Include="TemperatureSensor.cpp">
      <Filter>Source Files</Filter>
    </ClCompile>
    <ClCompile Include="ESPDisplay.cpp">
      <Filter>Source Files</Filter>
    </ClCompile>
    <ClCompile Include="DoorSensor.cpp">
      <Filter>Source Files</Filter>
    </ClCompile>
    <ClCompile Include="HornSensor.cpp">
      <Filter>Source Files</Filter>
    </ClCompile>
    <ClCompile Include="..\..\..\..\AppData\Local\arduino15\packages\esp32\hardware\esp32\1.0.4\cores\esp32\base64.cpp">
      <Filter>src\_micro-api-readonly\core</Filter>
    </ClCompile>
    <ClCompile Include="..\..\..\..\AppData\Local\arduino15\packages\esp32\hardware\esp32\1.0.4\cores\esp32\cbuf.cpp">
      <Filter>src\_micro-api-readonly\core</Filter>
    </ClCompile>
    <ClCompile Include="..\..\..\..\AppData\Local\arduino15\packages\esp32\hardware\esp32\1.0.4\cores\esp32\Esp.cpp">
      <Filter>src\_micro-api-readonly\core</Filter>
    </ClCompile>
    <ClCompile Include="..\..\..\..\AppData\Local\arduino15\packages\esp32\hardware\esp32\1.0.4\cores\esp32\esp32-hal-adc.c">
      <Filter>src\_micro-api-readonly\core</Filter>
    </ClCompile>
    <ClCompile Include="..\..\..\..\AppData\Local\arduino15\packages\esp32\hardware\esp32\1.0.4\cores\esp32\esp32-hal-bt.c">
      <Filter>src\_micro-api-readonly\core</Filter>
    </ClCompile>
    <ClCompile Include="..\..\..\..\AppData\Local\arduino15\packages\esp32\hardware\esp32\1.0.4\cores\esp32\esp32-hal-cpu.c">
      <Filter>src\_micro-api-readonly\core</Filter>
    </ClCompile>
    <ClCompile Include="..\..\..\..\AppData\Local\arduino15\packages\esp32\hardware\esp32\1.0.4\cores\esp32\esp32-hal-dac.c">
      <Filter>src\_micro-api-readonly\core</Filter>
    </ClCompile>
    <ClCompile Include="..\..\..\..\AppData\Local\arduino15\packages\esp32\hardware\esp32\1.0.4\cores\esp32\esp32-hal-gpio.c">
      <Filter>src\_micro-api-readonly\core</Filter>
    </ClCompile>
    <ClCompile Include="..\..\..\..\AppData\Local\arduino15\packages\esp32\hardware\esp32\1.0.4\cores\esp32\esp32-hal-i2c.c">
      <Filter>src\_micro-api-readonly\core</Filter>
    </ClCompile>
    <ClCompile Include="..\..\..\..\AppData\Local\arduino15\packages\esp32\hardware\esp32\1.0.4\cores\esp32\esp32-hal-ledc.c">
      <Filter>src\_micro-api-readonly\core</Filter>
    </ClCompile>
    <ClCompile Include="..\..\..\..\AppData\Local\arduino15\packages\esp32\hardware\esp32\1.0.4\cores\esp32\esp32-hal-matrix.c">
      <Filter>src\_micro-api-readonly\core</Filter>
    </ClCompile>
    <ClCompile Include="..\..\..\..\AppData\Local\arduino15\packages\esp32\hardware\esp32\1.0.4\cores\esp32\esp32-hal-misc.c">
      <Filter>src\_micro-api-readonly\core</Filter>
    </ClCompile>
    <ClCompile Include="..\..\..\..\AppData\Local\arduino15\packages\esp32\hardware\esp32\1.0.4\cores\esp32\esp32-hal-psram.c">
      <Filter>src\_micro-api-readonly\core</Filter>
    </ClCompile>
    <ClCompile Include="..\..\..\..\AppData\Local\arduino15\packages\esp32\hardware\esp32\1.0.4\cores\esp32\esp32-hal-rmt.c">
      <Filter>src\_micro-api-readonly\core</Filter>
    </ClCompile>
    <ClCompile Include="..\..\..\..\AppData\Local\arduino15\packages\esp32\hardware\esp32\1.0.4\cores\esp32\esp32-hal-sigmadelta.c">
      <Filter>src\_micro-api-readonly\core</Filter>
    </ClCompile>
    <ClCompile Include="..\..\..\..\AppData\Local\arduino15\packages\esp32\hardware\esp32\1.0.4\cores\esp32\esp32-hal-spi.c">
      <Filter>src\_micro-api-readonly\core</Filter>
    </ClCompile>
    <ClCompile Include="..\..\..\..\AppData\Local\arduino15\packages\esp32\hardware\esp32\1.0.4\cores\esp32\esp32-hal-time.c">
      <Filter>src\_micro-api-readonly\core</Filter>
    </ClCompile>
    <ClCompile Include="..\..\..\..\AppData\Local\arduino15\packages\esp32\hardware\esp32\1.0.4\cores\esp32\esp32-hal-timer.c">
      <Filter>src\_micro-api-readonly\core</Filter>
    </ClCompile>
    <ClCompile Include="..\..\..\..\AppData\Local\arduino15\packages\esp32\hardware\esp32\1.0.4\cores\esp32\esp32-hal-touch.c">
      <Filter>src\_micro-api-readonly\core</Filter>
    </ClCompile>
    <ClCompile Include="..\..\..\..\AppData\Local\arduino15\packages\esp32\hardware\esp32\1.0.4\cores\esp32\esp32-hal-uart.c">
      <Filter>src\_micro-api-readonly\core</Filter>
    </ClCompile>
    <ClCompile Include="..\..\..\..\AppData\Local\arduino15\packages\esp32\hardware\esp32\1.0.4\cores\esp32\FunctionalInterrupt.cpp">
      <Filter>src\_micro-api-readonly\core</Filter>
    </ClCompile>
    <ClCompile Include="..\..\..\..\AppData\Local\arduino15\packages\esp32\hardware\esp32\1.0.4\cores\esp32\HardwareSerial.cpp">
      <Filter>src\_micro-api-readonly\core</Filter>
    </ClCompile>
    <ClCompile Include="..\..\..\..\AppData\Local\arduino15\packages\esp32\hardware\esp32\1.0.4\cores\esp32\IPAddress.cpp">
      <Filter>src\_micro-api-readonly\core</Filter>
    </ClCompile>
    <ClCompile Include="..\..\..\..\AppData\Local\arduino15\packages\esp32\hardware\esp32\1.0.4\cores\esp32\IPv6Address.cpp">
      <Filter>src\_micro-api-readonly\core</Filter>
    </ClCompile>
    <ClCompile Include="..\..\..\..\AppData\Local\arduino15\packages\esp32\hardware\esp32\1.0.4\cores\esp32\main.cpp">
      <Filter>src\_micro-api-readonly\core</Filter>
    </ClCompile>
    <ClCompile Include="..\..\..\..\AppData\Local\arduino15\packages\esp32\hardware\esp32\1.0.4\cores\esp32\MD5Builder.cpp">
      <Filter>src\_micro-api-readonly\core</Filter>
    </ClCompile>
    <ClCompile Include="..\..\..\..\AppData\Local\arduino15\packages\esp32\hardware\esp32\1.0.4\cores\esp32\Print.cpp">
      <Filter>src\_micro-api-readonly\core</Filter>
    </ClCompile>
    <ClCompile Include="..\..\..\..\AppData\Local\arduino15\packages\esp32\hardware\esp32\1.0.4\cores\esp32\stdlib_noniso.c">
      <Filter>src\_micro-api-readonly\core</Filter>
    </ClCompile>
    <ClCompile Include="..\..\..\..\AppData\Local\arduino15\packages\esp32\hardware\esp32\1.0.4\cores\esp32\Stream.cpp">
      <Filter>src\_micro-api-readonly\core</Filter>
    </ClCompile>
    <ClCompile Include="..\..\..\..\AppData\Local\arduino15\packages\esp32\hardware\esp32\1.0.4\cores\esp32\StreamString.cpp">
      <Filter>src\_micro-api-readonly\core</Filter>
    </ClCompile>
    <ClCompile Include="..\..\..\..\AppData\Local\arduino15\packages\esp32\hardware\esp32\1.0.4\cores\esp32\wiring_pulse.c">
      <Filter>src\_micro-api-readonly\core</Filter>
    </ClCompile>
    <ClCompile Include="..\..\..\..\AppData\Local\arduino15\packages\esp32\hardware\esp32\1.0.4\cores\esp32\wiring_shift.c">
      <Filter>src\_micro-api-readonly\core</Filter>
    </ClCompile>
    <ClCompile Include="..\..\..\..\AppData\Local\arduino15\packages\esp32\hardware\esp32\1.0.4\cores\esp32\WMath.cpp">
      <Filter>src\_micro-api-readonly\core</Filter>
    </ClCompile>
    <ClCompile Include="..\..\..\..\AppData\Local\arduino15\packages\esp32\hardware\esp32\1.0.4\cores\esp32\WString.cpp">
      <Filter>src\_micro-api-readonly\core</Filter>
    </ClCompile>
    <ClCompile Include="..\..\..\..\AppData\Local\arduino15\packages\esp32\hardware\esp32\1.0.4\libraries\WiFi\src\ETH.cpp">
      <Filter>src\_micro-api-readonly\libraries\WiFi</Filter>
    </ClCompile>
    <ClCompile Include="..\..\..\..\AppData\Local\arduino15\packages\esp32\hardware\esp32\1.0.4\libraries\WiFi\src\WiFi.cpp">
      <Filter>src\_micro-api-readonly\libraries\WiFi</Filter>
    </ClCompile>
    <ClCompile Include="..\..\..\..\AppData\Local\arduino15\packages\esp32\hardware\esp32\1.0.4\libraries\WiFi\src\WiFiAP.cpp">
      <Filter>src\_micro-api-readonly\libraries\WiFi</Filter>
    </ClCompile>
    <ClCompile Include="..\..\..\..\AppData\Local\arduino15\packages\esp32\hardware\esp32\1.0.4\libraries\WiFi\src\WiFiClient.cpp">
      <Filter>src\_micro-api-readonly\libraries\WiFi</Filter>
    </ClCompile>
    <ClCompile Include="..\..\..\..\AppData\Local\arduino15\packages\esp32\hardware\esp32\1.0.4\libraries\WiFi\src\WiFiGeneric.cpp">
      <Filter>src\_micro-api-readonly\libraries\WiFi</Filter>
    </ClCompile>
    <ClCompile Include="..\..\..\..\AppData\Local\arduino15\packages\esp32\hardware\esp32\1.0.4\libraries\WiFi\src\WiFiMulti.cpp">
      <Filter>src\_micro-api-readonly\libraries\WiFi</Filter>
    </ClCompile>
    <ClCompile Include="..\..\..\..\AppData\Local\arduino15\packages\esp32\hardware\esp32\1.0.4\libraries\WiFi\src\WiFiScan.cpp">
      <Filter>src\_micro-api-readonly\libraries\WiFi</Filter>
    </ClCompile>
    <ClCompile Include="..\..\..\..\AppData\Local\arduino15\packages\esp32\hardware\esp32\1.0.4\libraries\WiFi\src\WiFiServer.cpp">
      <Filter>src\_micro-api-readonly\libraries\WiFi</Filter>
    </ClCompile>
    <ClCompile Include="..\..\..\..\AppData\Local\arduino15\packages\esp32\hardware\esp32\1.0.4\libraries\WiFi\src\WiFiSTA.cpp">
      <Filter>src\_micro-api-readonly\libraries\WiFi</Filter>
    </ClCompile>
    <ClCompile Include="..\..\..\..\AppData\Local\arduino15\packages\esp32\hardware\esp32\1.0.4\libraries\WiFi\src\WiFiUdp.cpp">
      <Filter>src\_micro-api-readonly\libraries\WiFi</Filter>
    </ClCompile>
    <ClCompile Include="..\..\..\..\AppData\Local\arduino15\packages\esp32\hardware\esp32\1.0.4\libraries\SPIFFS\src\SPIFFS.cpp">
      <Filter>src\_micro-api-readonly\libraries\SPIFFS</Filter>
    </ClCompile>
    <ClCompile Include="..\..\..\..\AppData\Local\arduino15\packages\esp32\hardware\esp32\1.0.4\libraries\FS\src\FS.cpp">
      <Filter>src\_micro-api-readonly\libraries\FS</Filter>
    </ClCompile>
    <ClCompile Include="..\..\..\..\AppData\Local\arduino15\packages\esp32\hardware\esp32\1.0.4\libraries\FS\src\vfs_api.cpp">
      <Filter>src\_micro-api-readonly\libraries\FS</Filter>
    </ClCompile>
    <ClCompile Include="E:\OneDrive\Documenti\Arduino\libraries\AsyncTCP-master\src\AsyncTCP.cpp">
      <Filter>src\_micro-api-readonly\libraries\AsyncTCP-master</Filter>
    </ClCompile>
    <ClCompile Include="E:\OneDrive\Documenti\Arduino\libraries\ESPAsyncTCP-master\src\AsyncPrinter.cpp">
      <Filter>src\_micro-api-readonly\libraries\ESPAsyncTCP-master</Filter>
    </ClCompile>
    <ClCompile Include="E:\OneDrive\Documenti\Arduino\libraries\ESPAsyncTCP-master\src\ESPAsyncTCP.cpp">
      <Filter>src\_micro-api-readonly\libraries\ESPAsyncTCP-master</Filter>
    </ClCompile>
    <ClCompile Include="E:\OneDrive\Documenti\Arduino\libraries\ESPAsyncTCP-master\src\ESPAsyncTCPbuffer.cpp">
      <Filter>src\_micro-api-readonly\libraries\ESPAsyncTCP-master</Filter>
    </ClCompile>
    <ClCompile Include="E:\OneDrive\Documenti\Arduino\libraries\ESPAsyncTCP-master\src\SyncClient.cpp">
      <Filter>src\_micro-api-readonly\libraries\ESPAsyncTCP-master</Filter>
    </ClCompile>
    <ClCompile Include="E:\OneDrive\Documenti\Arduino\libraries\ESPAsyncTCP-master\src\tcp_axtls.c">
      <Filter>src\_micro-api-readonly\libraries\ESPAsyncTCP-master</Filter>
    </ClCompile>
    <ClCompile Include="E:\OneDrive\Documenti\Arduino\libraries\ESPAsyncWebServer-master\src\AsyncEventSource.cpp">
      <Filter>src\_micro-api-readonly\libraries\ESPAsyncWebServer-master</Filter>
    </ClCompile>
    <ClCompile Include="E:\OneDrive\Documenti\Arduino\libraries\ESPAsyncWebServer-master\src\AsyncWebSocket.cpp">
      <Filter>src\_micro-api-readonly\libraries\ESPAsyncWebServer-master</Filter>
    </ClCompile>
    <ClCompile Include="E:\OneDrive\Documenti\Arduino\libraries\ESPAsyncWebServer-master\src\SPIFFSEditor.cpp">
      <Filter>src\_micro-api-readonly\libraries\ESPAsyncWebServer-master</Filter>
    </ClCompile>
    <ClCompile Include="E:\OneDrive\Documenti\Arduino\libraries\ESPAsyncWebServer-master\src\WebAuthentication.cpp">
      <Filter>src\_micro-api-readonly\libraries\ESPAsyncWebServer-master</Filter>
    </ClCompile>
    <ClCompile Include="E:\OneDrive\Documenti\Arduino\libraries\ESPAsyncWebServer-master\src\WebHandlers.cpp">
      <Filter>src\_micro-api-readonly\libraries\ESPAsyncWebServer-master</Filter>
    </ClCompile>
    <ClCompile Include="E:\OneDrive\Documenti\Arduino\libraries\ESPAsyncWebServer-master\src\WebRequest.cpp">
      <Filter>src\_micro-api-readonly\libraries\ESPAsyncWebServer-master</Filter>
    </ClCompile>
    <ClCompile Include="E:\OneDrive\Documenti\Arduino\libraries\ESPAsyncWebServer-master\src\WebResponses.cpp">
      <Filter>src\_micro-api-readonly\libraries\ESPAsyncWebServer-master</Filter>
    </ClCompile>
    <ClCompile Include="E:\OneDrive\Documenti\Arduino\libraries\ESPAsyncWebServer-master\src\WebServer.cpp">
      <Filter>src\_micro-api-readonly\libraries\ESPAsyncWebServer-master</Filter>
    </ClCompile>
    <ClCompile Include="E:\OneDrive\Documenti\Arduino\libraries\esp32-http-update-master\src\ESP32httpUpdate.cpp">
      <Filter>src\_micro-api-readonly\libraries\esp32-http-update-master</Filter>
    </ClCompile>
    <ClCompile Include="E:\OneDrive\Documenti\Arduino\libraries\Time-master\DateStrings.cpp">
      <Filter>src\_micro-api-readonly\libraries\Time-master</Filter>
    </ClCompile>
    <ClCompile Include="E:\OneDrive\Documenti\Arduino\libraries\Time-master\Time.cpp">
      <Filter>src\_micro-api-readonly\libraries\Time-master</Filter>
    </ClCompile>
    <ClCompile Include="E:\OneDrive\Documenti\Arduino\libraries\ArduinoJson\fuzzing\fuzzer.cpp">
      <Filter>src\_micro-api-readonly\libraries\ArduinoJson</Filter>
    </ClCompile>
    <ClCompile Include="E:\OneDrive\Documenti\Arduino\libraries\ArduinoJson\test\DynamicJsonBuffer\alloc.cpp">
      <Filter>src\_micro-api-readonly\libraries\ArduinoJson</Filter>
    </ClCompile>
    <ClCompile Include="E:\OneDrive\Documenti\Arduino\libraries\ArduinoJson\test\DynamicJsonBuffer\createArray.cpp">
      <Filter>src\_micro-api-readonly\libraries\ArduinoJson</Filter>
    </ClCompile>
    <ClCompile Include="E:\OneDrive\Documenti\Arduino\libraries\ArduinoJson\test\DynamicJsonBuffer\createObject.cpp">
      <Filter>src\_micro-api-readonly\libraries\ArduinoJson</Filter>
    </ClCompile>
    <ClCompile Include="E:\OneDrive\Documenti\Arduino\libraries\ArduinoJson\test\DynamicJsonBuffer\no_memory.cpp">
      <Filter>src\_micro-api-readonly\libraries\ArduinoJson</Filter>
    </ClCompile>
    <ClCompile Include="E:\OneDrive\Documenti\Arduino\libraries\ArduinoJson\test\DynamicJsonBuffer\size.cpp">
      <Filter>src\_micro-api-readonly\libraries\ArduinoJson</Filter>
    </ClCompile>
    <ClCompile Include="E:\OneDrive\Documenti\Arduino\libraries\ArduinoJson\test\DynamicJsonBuffer\startString.cpp">
      <Filter>src\_micro-api-readonly\libraries\ArduinoJson</Filter>
    </ClCompile>
    <ClCompile Include="E:\OneDrive\Documenti\Arduino\libraries\ArduinoJson\test\IntegrationTests\gbathree.cpp">
      <Filter>src\_micro-api-readonly\libraries\ArduinoJson</Filter>
    </ClCompile>
    <ClCompile Include="E:\OneDrive\Documenti\Arduino\libraries\ArduinoJson\test\IntegrationTests\round_trip.cpp">
      <Filter>src\_micro-api-readonly\libraries\ArduinoJson</Filter>
    </ClCompile>
    <ClCompile Include="E:\OneDrive\Documenti\Arduino\libraries\ArduinoJson\test\JsonArray\add.cpp">
      <Filter>src\_micro-api-readonly\libraries\ArduinoJson</Filter>
    </ClCompile>
    <ClCompile Include="E:\OneDrive\Documenti\Arduino\libraries\ArduinoJson\test\JsonArray\basics.cpp">
      <Filter>src\_micro-api-readonly\libraries\ArduinoJson</Filter>
    </ClCompile>
    <ClCompile Include="E:\OneDrive\Documenti\Arduino\libraries\ArduinoJson\test\JsonArray\copyFrom.cpp">
      <Filter>src\_micro-api-readonly\libraries\ArduinoJson</Filter>
    </ClCompile>
    <ClCompile Include="E:\OneDrive\Documenti\Arduino\libraries\ArduinoJson\test\JsonArray\copyTo.cpp">
      <Filter>src\_micro-api-readonly\libraries\ArduinoJson</Filter>
    </ClCompile>
    <ClCompile Include="E:\OneDrive\Documenti\Arduino\libraries\ArduinoJson\test\JsonArray\invalid.cpp">
      <Filter>src\_micro-api-readonly\libraries\ArduinoJson</Filter>
    </ClCompile>
    <ClCompile Include="E:\OneDrive\Documenti\Arduino\libraries\ArduinoJson\test\JsonArray\iterator.cpp">
      <Filter>src\_micro-api-readonly\libraries\ArduinoJson</Filter>
    </ClCompile>
    <ClCompile Include="E:\OneDrive\Documenti\Arduino\libraries\ArduinoJson\test\JsonArray\prettyPrintTo.cpp">
      <Filter>src\_micro-api-readonly\libraries\ArduinoJson</Filter>
    </ClCompile>
    <ClCompile Include="E:\OneDrive\Documenti\Arduino\libraries\ArduinoJson\test\JsonArray\printTo.cpp">
      <Filter>src\_micro-api-readonly\libraries\ArduinoJson</Filter>
    </ClCompile>
    <ClCompile Include="E:\OneDrive\Documenti\Arduino\libraries\ArduinoJson\test\JsonArray\remove.cpp">
      <Filter>src\_micro-api-readonly\libraries\ArduinoJson</Filter>
    </ClCompile>
    <ClCompile Include="E:\OneDrive\Documenti\Arduino\libraries\ArduinoJson\test\JsonArray\set.cpp">
      <Filter>src\_micro-api-readonly\libraries\ArduinoJson</Filter>
    </ClCompile>
    <ClCompile Include="E:\OneDrive\Documenti\Arduino\libraries\ArduinoJson\test\JsonArray\size.cpp">
      <Filter>src\_micro-api-readonly\libraries\ArduinoJson</Filter>
    </ClCompile>
    <ClCompile Include="E:\OneDrive\Documenti\Arduino\libraries\ArduinoJson\test\JsonArray\subscript.cpp">
      <Filter>src\_micro-api-readonly\libraries\ArduinoJson</Filter>
    </ClCompile>
    <ClCompile Include="E:\OneDrive\Documenti\Arduino\libraries\ArduinoJson\test\JsonBuffer\nested.cpp">
      <Filter>src\_micro-api-readonly\libraries\ArduinoJson</Filter>
    </ClCompile>
    <ClCompile Include="E:\OneDrive\Documenti\Arduino\libraries\ArduinoJson\test\JsonBuffer\nestingLimit.cpp">
      <Filter>src\_micro-api-readonly\libraries\ArduinoJson</Filter>
    </ClCompile>
    <ClCompile Include="E:\OneDrive\Documenti\Arduino\libraries\ArduinoJson\test\JsonBuffer\parse.cpp">
      <Filter>src\_micro-api-readonly\libraries\ArduinoJson</Filter>
    </ClCompile>
    <ClCompile Include="E:\OneDrive\Documenti\Arduino\libraries\ArduinoJson\test\JsonBuffer\parseArray.cpp">
      <Filter>src\_micro-api-readonly\libraries\ArduinoJson</Filter>
    </ClCompile>
    <ClCompile Include="E:\OneDrive\Documenti\Arduino\libraries\ArduinoJson\test\JsonBuffer\parseObject.cpp">
      <Filter>src\_micro-api-readonly\libraries\ArduinoJson</Filter>
    </ClCompile>
    <ClCompile Include="E:\OneDrive\Documenti\Arduino\libraries\ArduinoJson\test\JsonObject\basics.cpp">
      <Filter>src\_micro-api-readonly\libraries\ArduinoJson</Filter>
    </ClCompile>
    <ClCompile Include="E:\OneDrive\Documenti\Arduino\libraries\ArduinoJson\test\JsonObject\containsKey.cpp">
      <Filter>src\_micro-api-readonly\libraries\ArduinoJson</Filter>
    </ClCompile>
    <ClCompile Include="E:\OneDrive\Documenti\Arduino\libraries\ArduinoJson\test\JsonObject\get.cpp">
      <Filter>src\_micro-api-readonly\libraries\ArduinoJson</Filter>
    </ClCompile>
    <ClCompile Include="E:\OneDrive\Documenti\Arduino\libraries\ArduinoJson\test\JsonObject\invalid.cpp">
      <Filter>src\_micro-api-readonly\libraries\ArduinoJson</Filter>
    </ClCompile>
    <ClCompile Include="E:\OneDrive\Documenti\Arduino\libraries\ArduinoJson\test\JsonObject\iterator.cpp">
      <Filter>src\_micro-api-readonly\libraries\ArduinoJson</Filter>
    </ClCompile>
    <ClCompile Include="E:\OneDrive\Documenti\Arduino\libraries\ArduinoJson\test\JsonObject\prettyPrintTo.cpp">
      <Filter>src\_micro-api-readonly\libraries\ArduinoJson</Filter>
    </ClCompile>
    <ClCompile Include="E:\OneDrive\Documenti\Arduino\libraries\ArduinoJson\test\JsonObject\printTo.cpp">
      <Filter>src\_micro-api-readonly\libraries\ArduinoJson</Filter>
    </ClCompile>
    <ClCompile Include="E:\OneDrive\Documenti\Arduino\libraries\ArduinoJson\test\JsonObject\remove.cpp">
      <Filter>src\_micro-api-readonly\libraries\ArduinoJson</Filter>
    </ClCompile>
    <ClCompile Include="E:\OneDrive\Documenti\Arduino\libraries\ArduinoJson\test\JsonObject\set.cpp">
      <Filter>src\_micro-api-readonly\libraries\ArduinoJson</Filter>
    </ClCompile>
    <ClCompile Include="E:\OneDrive\Documenti\Arduino\libraries\ArduinoJson\test\JsonObject\size.cpp">
      <Filter>src\_micro-api-readonly\libraries\ArduinoJson</Filter>
    </ClCompile>
    <ClCompile Include="E:\OneDrive\Documenti\Arduino\libraries\ArduinoJson\test\JsonObject\subscript.cpp">
      <Filter>src\_micro-api-readonly\libraries\ArduinoJson</Filter>
    </ClCompile>
    <ClCompile Include="E:\OneDrive\Documenti\Arduino\libraries\ArduinoJson\test\JsonVariant\as.cpp">
      <Filter>src\_micro-api-readonly\libraries\ArduinoJson</Filter>
    </ClCompile>
    <ClCompile Include="E:\OneDrive\Documenti\Arduino\libraries\ArduinoJson\test\JsonVariant\compare.cpp">
      <Filter>src\_micro-api-readonly\libraries\ArduinoJson</Filter>
    </ClCompile>
    <ClCompile Include="E:\OneDrive\Documenti\Arduino\libraries\ArduinoJson\test\JsonVariant\copy.cpp">
      <Filter>src\_micro-api-readonly\libraries\ArduinoJson</Filter>
    </ClCompile>
    <ClCompile Include="E:\OneDrive\Documenti\Arduino\libraries\ArduinoJson\test\JsonVariant\is.cpp">
      <Filter>src\_micro-api-readonly\libraries\ArduinoJson</Filter>
    </ClCompile>
    <ClCompile Include="E:\OneDrive\Documenti\Arduino\libraries\ArduinoJson\test\JsonVariant\or.cpp">
      <Filter>src\_micro-api-readonly\libraries\ArduinoJson</Filter>
    </ClCompile>
    <ClCompile Include="E:\OneDrive\Documenti\Arduino\libraries\ArduinoJson\test\JsonVariant\printTo.cpp">
      <Filter>src\_micro-api-readonly\libraries\ArduinoJson</Filter>
    </ClCompile>
    <ClCompile Include="E:\OneDrive\Documenti\Arduino\libraries\ArduinoJson\test\JsonVariant\set_get.cpp">
      <Filter>src\_micro-api-readonly\libraries\ArduinoJson</Filter>
    </ClCompile>
    <ClCompile Include="E:\OneDrive\Documenti\Arduino\libraries\ArduinoJson\test\JsonVariant\subscript.cpp">
      <Filter>src\_micro-api-readonly\libraries\ArduinoJson</Filter>
    </ClCompile>
    <ClCompile Include="E:\OneDrive\Documenti\Arduino\libraries\ArduinoJson\test\JsonVariant\success.cpp">
      <Filter>src\_micro-api-readonly\libraries\ArduinoJson</Filter>
    </ClCompile>
    <ClCompile Include="E:\OneDrive\Documenti\Arduino\libraries\ArduinoJson\test\JsonVariant\undefined.cpp">
      <Filter>src\_micro-api-readonly\libraries\ArduinoJson</Filter>
    </ClCompile>
    <ClCompile Include="E:\OneDrive\Documenti\Arduino\libraries\ArduinoJson\test\JsonWriter\writeFloat.cpp">
      <Filter>src\_micro-api-readonly\libraries\ArduinoJson</Filter>
    </ClCompile>
    <ClCompile Include="E:\OneDrive\Documenti\Arduino\libraries\ArduinoJson\test\JsonWriter\writeString.cpp">
      <Filter>src\_micro-api-readonly\libraries\ArduinoJson</Filter>
    </ClCompile>
    <ClCompile Include="E:\OneDrive\Documenti\Arduino\libraries\ArduinoJson\test\Misc\deprecated.cpp">
      <Filter>src\_micro-api-readonly\libraries\ArduinoJson</Filter>
    </ClCompile>
    <ClCompile Include="E:\OneDrive\Documenti\Arduino\libraries\ArduinoJson\test\Misc\empty.cpp">
      <Filter>src\_micro-api-readonly\libraries\ArduinoJson</Filter>
    </ClCompile>
    <ClCompile Include="E:\OneDrive\Documenti\Arduino\libraries\ArduinoJson\test\Misc\FloatParts.cpp">
      <Filter>src\_micro-api-readonly\libraries\ArduinoJson</Filter>
    </ClCompile>
    <ClCompile Include="E:\OneDrive\Documenti\Arduino\libraries\ArduinoJson\test\Misc\std_stream.cpp">
      <Filter>src\_micro-api-readonly\libraries\ArduinoJson</Filter>
    </ClCompile>
    <ClCompile Include="E:\OneDrive\Documenti\Arduino\libraries\ArduinoJson\test\Misc\std_string.cpp">
      <Filter>src\_micro-api-readonly\libraries\ArduinoJson</Filter>
    </ClCompile>
    <ClCompile Include="E:\OneDrive\Documenti\Arduino\libraries\ArduinoJson\test\Misc\StringBuilder.cpp">
      <Filter>src\_micro-api-readonly\libraries\ArduinoJson</Filter>
    </ClCompile>
    <ClCompile Include="E:\OneDrive\Documenti\Arduino\libraries\ArduinoJson\test\Misc\StringTraits.cpp">
      <Filter>src\_micro-api-readonly\libraries\ArduinoJson</Filter>
    </ClCompile>
    <ClCompile Include="E:\OneDrive\Documenti\Arduino\libraries\ArduinoJson\test\Misc\TypeTraits.cpp">
      <Filter>src\_micro-api-readonly\libraries\ArduinoJson</Filter>
    </ClCompile>
    <ClCompile Include="E:\OneDrive\Documenti\Arduino\libraries\ArduinoJson\test\Misc\unsigned_char.cpp">
      <Filter>src\_micro-api-readonly\libraries\ArduinoJson</Filter>
    </ClCompile>
    <ClCompile Include="E:\OneDrive\Documenti\Arduino\libraries\ArduinoJson\test\Misc\version.cpp">
      <Filter>src\_micro-api-readonly\libraries\ArduinoJson</Filter>
    </ClCompile>
    <ClCompile Include="E:\OneDrive\Documenti\Arduino\libraries\ArduinoJson\test\Misc\vla.cpp">
      <Filter>src\_micro-api-readonly\libraries\ArduinoJson</Filter>
    </ClCompile>
    <ClCompile Include="E:\OneDrive\Documenti\Arduino\libraries\ArduinoJson\test\Polyfills\isFloat.cpp">
      <Filter>src\_micro-api-readonly\libraries\ArduinoJson</Filter>
    </ClCompile>
    <ClCompile Include="E:\OneDrive\Documenti\Arduino\libraries\ArduinoJson\test\Polyfills\isInteger.cpp">
      <Filter>src\_micro-api-readonly\libraries\ArduinoJson</Filter>
    </ClCompile>
    <ClCompile Include="E:\OneDrive\Documenti\Arduino\libraries\ArduinoJson\test\Polyfills\parseFloat.cpp">
      <Filter>src\_micro-api-readonly\libraries\ArduinoJson</Filter>
    </ClCompile>
    <ClCompile Include="E:\OneDrive\Documenti\Arduino\libraries\ArduinoJson\test\Polyfills\parseInteger.cpp">
      <Filter>src\_micro-api-readonly\libraries\ArduinoJson</Filter>
    </ClCompile>
    <ClCompile Include="E:\OneDrive\Documenti\Arduino\libraries\ArduinoJson\test\StaticJsonBuffer\alloc.cpp">
      <Filter>src\_micro-api-readonly\libraries\ArduinoJson</Filter>
    </ClCompile>
    <ClCompile Include="E:\OneDrive\Documenti\Arduino\libraries\ArduinoJson\test\StaticJsonBuffer\createArray.cpp">
      <Filter>src\_micro-api-readonly\libraries\ArduinoJson</Filter>
    </ClCompile>
    <ClCompile Include="E:\OneDrive\Documenti\Arduino\libraries\ArduinoJson\test\StaticJsonBuffer\createObject.cpp">
      <Filter>src\_micro-api-readonly\libraries\ArduinoJson</Filter>
    </ClCompile>
    <ClCompile Include="E:\OneDrive\Documenti\Arduino\libraries\ArduinoJson\test\StaticJsonBuffer\parseArray.cpp">
      <Filter>src\_micro-api-readonly\libraries\ArduinoJson</Filter>
    </ClCompile>
    <ClCompile Include="E:\OneDrive\Documenti\Arduino\libraries\ArduinoJson\test\StaticJsonBuffer\parseObject.cpp">
      <Filter>src\_micro-api-readonly\libraries\ArduinoJson</Filter>
    </ClCompile>
    <ClCompile Include="E:\OneDrive\Documenti\Arduino\libraries\ArduinoJson\test\StaticJsonBuffer\size.cpp">
      <Filter>src\_micro-api-readonly\libraries\ArduinoJson</Filter>
    </ClCompile>
    <ClCompile Include="E:\OneDrive\Documenti\Arduino\libraries\ArduinoJson\test\StaticJsonBuffer\startString.cpp">
      <Filter>src\_micro-api-readonly\libraries\ArduinoJson</Filter>
    </ClCompile>
    <ClCompile Include="E:\OneDrive\Documenti\Arduino\libraries\ArduinoJson\third-party\catch\catch.cpp">
      <Filter>src\_micro-api-readonly\libraries\ArduinoJson</Filter>
    </ClCompile>
    <ClCompile Include="E:\OneDrive\Documenti\Arduino\libraries\PubSubClient\src\PubSubClient.cpp">
      <Filter>src\_micro-api-readonly\libraries\PubSubClient</Filter>
    </ClCompile>
    <ClCompile Include="E:\OneDrive\Documenti\Arduino\libraries\PubSubClient\tests\src\connect_spec.cpp">
      <Filter>src\_micro-api-readonly\libraries\PubSubClient</Filter>
    </ClCompile>
    <ClCompile Include="E:\OneDrive\Documenti\Arduino\libraries\PubSubClient\tests\src\keepalive_spec.cpp">
      <Filter>src\_micro-api-readonly\libraries\PubSubClient</Filter>
    </ClCompile>
    <ClCompile Include="E:\OneDrive\Documenti\Arduino\libraries\PubSubClient\tests\src\publish_spec.cpp">
      <Filter>src\_micro-api-readonly\libraries\PubSubClient</Filter>
    </ClCompile>
    <ClCompile Include="E:\OneDrive\Documenti\Arduino\libraries\PubSubClient\tests\src\receive_spec.cpp">
      <Filter>src\_micro-api-readonly\libraries\PubSubClient</Filter>
    </ClCompile>
    <ClCompile Include="E:\OneDrive\Documenti\Arduino\libraries\PubSubClient\tests\src\subscribe_spec.cpp">
      <Filter>src\_micro-api-readonly\libraries\PubSubClient</Filter>
    </ClCompile>
    <ClCompile Include="E:\OneDrive\Documenti\Arduino\libraries\PubSubClient\tests\src\lib\BDDTest.cpp">
      <Filter>src\_micro-api-readonly\libraries\PubSubClient</Filter>
    </ClCompile>
    <ClCompile Include="E:\OneDrive\Documenti\Arduino\libraries\PubSubClient\tests\src\lib\Buffer.cpp">
      <Filter>src\_micro-api-readonly\libraries\PubSubClient</Filter>
    </ClCompile>
    <ClCompile Include="E:\OneDrive\Documenti\Arduino\libraries\PubSubClient\tests\src\lib\IPAddress.cpp">
      <Filter>src\_micro-api-readonly\libraries\PubSubClient</Filter>
    </ClCompile>
    <ClCompile Include="E:\OneDrive\Documenti\Arduino\libraries\PubSubClient\tests\src\lib\ShimClient.cpp">
      <Filter>src\_micro-api-readonly\libraries\PubSubClient</Filter>
    </ClCompile>
    <ClCompile Include="E:\OneDrive\Documenti\Arduino\libraries\PubSubClient\tests\src\lib\Stream.cpp">
      <Filter>src\_micro-api-readonly\libraries\PubSubClient</Filter>
    </ClCompile>
    <ClCompile Include="..\..\..\..\AppData\Local\arduino15\packages\esp32\hardware\esp32\1.0.4\libraries\Wire\src\Wire.cpp">
      <Filter>src\_micro-api-readonly\libraries\Wire</Filter>
    </ClCompile>
    <ClCompile Include="E:\OneDrive\Documenti\Arduino\libraries\ESP8266_and_ESP32_Oled_Driver_for_SSD1306_display\src\OLEDDisplay.cpp">
      <Filter>src\_micro-api-readonly\libraries\ESP8266_and_ESP32_Oled_Driver_for_SSD1306_display</Filter>
    </ClCompile>
    <ClCompile Include="E:\OneDrive\Documenti\Arduino\libraries\ESP8266_and_ESP32_Oled_Driver_for_SSD1306_display\src\OLEDDisplayUi.cpp">
      <Filter>src\_micro-api-readonly\libraries\ESP8266_and_ESP32_Oled_Driver_for_SSD1306_display</Filter>
    </ClCompile>
    <ClCompile Include="..\..\..\..\AppData\Local\arduino15\packages\esp32\hardware\esp32\1.0.4\libraries\HTTPClient\src\HTTPClient.cpp">
      <Filter>src\_micro-api-readonly\libraries\HTTPClient</Filter>
    </ClCompile>
    <ClCompile Include="..\..\..\..\AppData\Local\arduino15\packages\esp32\hardware\esp32\1.0.4\libraries\WiFiClientSecure\src\ssl_client.cpp">
      <Filter>src\_micro-api-readonly\libraries\WiFiClientSecure</Filter>
    </ClCompile>
    <ClCompile Include="..\..\..\..\AppData\Local\arduino15\packages\esp32\hardware\esp32\1.0.4\libraries\WiFiClientSecure\src\WiFiClientSecure.cpp">
      <Filter>src\_micro-api-readonly\libraries\WiFiClientSecure</Filter>
    </ClCompile>
    <ClCompile Include="..\..\..\..\AppData\Local\arduino15\packages\esp32\hardware\esp32\1.0.4\libraries\Update\src\Updater.cpp">
      <Filter>src\_micro-api-readonly\libraries\Update</Filter>
    </ClCompile>
    <ClCompile Include="..\..\..\..\AppData\Local\arduino15\packages\esp32\hardware\esp32\1.0.4\libraries\SPI\src\SPI.cpp">
      <Filter>src\_micro-api-readonly\libraries\SPI</Filter>
    </ClCompile>
    <ClCompile Include="E:\OneDrive\Documenti\Arduino\libraries\OneWire\OneWire.cpp">
      <Filter>src\_micro-api-readonly\libraries\OneWire</Filter>
    </ClCompile>
    <ClCompile Include="E:\OneDrive\Documenti\Arduino\libraries\DallasTemperature\DallasTemperature.cpp">
      <Filter>src\_micro-api-readonly\libraries\DallasTemperature</Filter>
    </ClCompile>
  </ItemGroup>
  <ItemGroup>
    <Text Include="..\..\..\..\AppData\Local\arduino15\packages\esp32\hardware\esp32\1.0.4\libraries\WiFi\keywords.txt">
      <Filter>src\_micro-api-readonly\libraries\WiFi</Filter>
    </Text>
    <Text Include="E:\OneDrive\Documenti\Arduino\libraries\AsyncTCP-master\CMakeLists.txt">
      <Filter>src\_micro-api-readonly\libraries\AsyncTCP-master</Filter>
    </Text>
    <Text Include="E:\OneDrive\Documenti\Arduino\libraries\ESPAsyncTCP-master\LICENSE.txt">
      <Filter>src\_micro-api-readonly\libraries\ESPAsyncTCP-master</Filter>
    </Text>
    <Text Include="E:\OneDrive\Documenti\Arduino\libraries\ESPAsyncWebServer-master\CMakeLists.txt">
      <Filter>src\_micro-api-readonly\libraries\ESPAsyncWebServer-master</Filter>
    </Text>
    <Text Include="E:\OneDrive\Documenti\Arduino\libraries\ESPAsyncWebServer-master\keywords.txt">
      <Filter>src\_micro-api-readonly\libraries\ESPAsyncWebServer-master</Filter>
    </Text>
    <Text Include="E:\OneDrive\Documenti\Arduino\libraries\Time-master\keywords.txt">
      <Filter>src\_micro-api-readonly\libraries\Time-master</Filter>
    </Text>
    <Text Include="E:\OneDrive\Documenti\Arduino\libraries\ArduinoJson\CMakeLists.txt">
      <Filter>src\_micro-api-readonly\libraries\ArduinoJson</Filter>
    </Text>
    <Text Include="E:\OneDrive\Documenti\Arduino\libraries\ArduinoJson\keywords.txt">
      <Filter>src\_micro-api-readonly\libraries\ArduinoJson</Filter>
    </Text>
    <Text Include="E:\OneDrive\Documenti\Arduino\libraries\ArduinoJson\test\CMakeLists.txt">
      <Filter>src\_micro-api-readonly\libraries\ArduinoJson</Filter>
    </Text>
    <Text Include="E:\OneDrive\Documenti\Arduino\libraries\ArduinoJson\test\DynamicJsonBuffer\CMakeLists.txt">
      <Filter>src\_micro-api-readonly\libraries\ArduinoJson</Filter>
    </Text>
    <Text Include="E:\OneDrive\Documenti\Arduino\libraries\ArduinoJson\test\IntegrationTests\CMakeLists.txt">
      <Filter>src\_micro-api-readonly\libraries\ArduinoJson</Filter>
    </Text>
    <Text Include="E:\OneDrive\Documenti\Arduino\libraries\ArduinoJson\test\JsonArray\CMakeLists.txt">
      <Filter>src\_micro-api-readonly\libraries\ArduinoJson</Filter>
    </Text>
    <Text Include="E:\OneDrive\Documenti\Arduino\libraries\ArduinoJson\test\JsonBuffer\CMakeLists.txt">
      <Filter>src\_micro-api-readonly\libraries\ArduinoJson</Filter>
    </Text>
    <Text Include="E:\OneDrive\Documenti\Arduino\libraries\ArduinoJson\test\JsonObject\CMakeLists.txt">
      <Filter>src\_micro-api-readonly\libraries\ArduinoJson</Filter>
    </Text>
    <Text Include="E:\OneDrive\Documenti\Arduino\libraries\ArduinoJson\test\JsonVariant\CMakeLists.txt">
      <Filter>src\_micro-api-readonly\libraries\ArduinoJson</Filter>
    </Text>
    <Text Include="E:\OneDrive\Documenti\Arduino\libraries\ArduinoJson\test\JsonWriter\CMakeLists.txt">
      <Filter>src\_micro-api-readonly\libraries\ArduinoJson</Filter>
    </Text>
    <Text Include="E:\OneDrive\Documenti\Arduino\libraries\ArduinoJson\test\Misc\CMakeLists.txt">
      <Filter>src\_micro-api-readonly\libraries\ArduinoJson</Filter>
    </Text>
    <Text Include="E:\OneDrive\Documenti\Arduino\libraries\ArduinoJson\test\Polyfills\CMakeLists.txt">
      <Filter>src\_micro-api-readonly\libraries\ArduinoJson</Filter>
    </Text>
    <Text Include="E:\OneDrive\Documenti\Arduino\libraries\ArduinoJson\test\StaticJsonBuffer\CMakeLists.txt">
      <Filter>src\_micro-api-readonly\libraries\ArduinoJson</Filter>
    </Text>
    <Text Include="E:\OneDrive\Documenti\Arduino\libraries\ArduinoJson\third-party\catch\CMakeLists.txt">
      <Filter>src\_micro-api-readonly\libraries\ArduinoJson</Filter>
    </Text>
    <Text Include="E:\OneDrive\Documenti\Arduino\libraries\PubSubClient\CHANGES.txt">
      <Filter>src\_micro-api-readonly\libraries\PubSubClient</Filter>
    </Text>
    <Text Include="E:\OneDrive\Documenti\Arduino\libraries\PubSubClient\keywords.txt">
      <Filter>src\_micro-api-readonly\libraries\PubSubClient</Filter>
    </Text>
    <Text Include="E:\OneDrive\Documenti\Arduino\libraries\PubSubClient\LICENSE.txt">
      <Filter>src\_micro-api-readonly\libraries\PubSubClient</Filter>
    </Text>
    <Text Include="..\..\..\..\AppData\Local\arduino15\packages\esp32\hardware\esp32\1.0.4\libraries\Wire\keywords.txt">
      <Filter>src\_micro-api-readonly\libraries\Wire</Filter>
    </Text>
    <Text Include="..\..\..\..\AppData\Local\arduino15\packages\esp32\hardware\esp32\1.0.4\libraries\WiFiClientSecure\keywords.txt">
      <Filter>src\_micro-api-readonly\libraries\WiFiClientSecure</Filter>
    </Text>
    <Text Include="..\..\..\..\AppData\Local\arduino15\packages\esp32\hardware\esp32\1.0.4\libraries\Update\keywords.txt">
      <Filter>src\_micro-api-readonly\libraries\Update</Filter>
    </Text>
    <Text Include="..\..\..\..\AppData\Local\arduino15\packages\esp32\hardware\esp32\1.0.4\libraries\SPI\keywords.txt">
      <Filter>src\_micro-api-readonly\libraries\SPI</Filter>
    </Text>
    <Text Include="E:\OneDrive\Documenti\Arduino\libraries\OneWire\keywords.txt">
      <Filter>src\_micro-api-readonly\libraries\OneWire</Filter>
    </Text>
    <Text Include="E:\OneDrive\Documenti\Arduino\libraries\DallasTemperature\keywords.txt">
      <Filter>src\_micro-api-readonly\libraries\DallasTemperature</Filter>
    </Text>
  </ItemGroup>
</Project>